// !$*UTF8*$!
{
	archiveVersion = 1;
	classes = {
	};
	objectVersion = 56;
	objects = {

/* Begin PBXBuildFile section */
		6A7F73222B5639FB00EF3D8B /* RealityKitContent in Frameworks */ = {isa = PBXBuildFile; productRef = 6A7F73212B5639FB00EF3D8B /* RealityKitContent */; };
		6A7F73242B5639FB00EF3D8B /* TextEditorApp.swift in Sources */ = {isa = PBXBuildFile; fileRef = 6A7F73232B5639FB00EF3D8B /* TextEditorApp.swift */; };
		6A7F73262B5639FB00EF3D8B /* ContentView.swift in Sources */ = {isa = PBXBuildFile; fileRef = 6A7F73252B5639FB00EF3D8B /* ContentView.swift */; };
		6A7F73282B5639FD00EF3D8B /* Assets.xcassets in Resources */ = {isa = PBXBuildFile; fileRef = 6A7F73272B5639FD00EF3D8B /* Assets.xcassets */; };
		6A7F732B2B5639FD00EF3D8B /* Preview Assets.xcassets in Resources */ = {isa = PBXBuildFile; fileRef = 6A7F732A2B5639FD00EF3D8B /* Preview Assets.xcassets */; };
		6A7F73362B5639FD00EF3D8B /* TextEditorTests.swift in Sources */ = {isa = PBXBuildFile; fileRef = 6A7F73352B5639FD00EF3D8B /* TextEditorTests.swift */; };
/* End PBXBuildFile section */

/* Begin PBXContainerItemProxy section */
		6A7F73322B5639FD00EF3D8B /* PBXContainerItemProxy */ = {
			isa = PBXContainerItemProxy;
			containerPortal = 6A7F73142B5639FB00EF3D8B /* Project object */;
			proxyType = 1;
			remoteGlobalIDString = 6A7F731B2B5639FB00EF3D8B;
			remoteInfo = TextEditor;
		};
/* End PBXContainerItemProxy section */

/* Begin PBXFileReference section */
		6A7F731C2B5639FB00EF3D8B /* TextEditor.app */ = {isa = PBXFileReference; explicitFileType = wrapper.application; includeInIndex = 0; path = TextEditor.app; sourceTree = BUILT_PRODUCTS_DIR; };
		6A7F73202B5639FB00EF3D8B /* RealityKitContent */ = {isa = PBXFileReference; lastKnownFileType = wrapper; path = RealityKitContent; sourceTree = "<group>"; };
		6A7F73232B5639FB00EF3D8B /* TextEditorApp.swift */ = {isa = PBXFileReference; lastKnownFileType = sourcecode.swift; path = TextEditorApp.swift; sourceTree = "<group>"; };
		6A7F73252B5639FB00EF3D8B /* ContentView.swift */ = {isa = PBXFileReference; lastKnownFileType = sourcecode.swift; path = ContentView.swift; sourceTree = "<group>"; };
		6A7F73272B5639FD00EF3D8B /* Assets.xcassets */ = {isa = PBXFileReference; lastKnownFileType = folder.assetcatalog; path = Assets.xcassets; sourceTree = "<group>"; };
		6A7F732A2B5639FD00EF3D8B /* Preview Assets.xcassets */ = {isa = PBXFileReference; lastKnownFileType = folder.assetcatalog; path = "Preview Assets.xcassets"; sourceTree = "<group>"; };
		6A7F732C2B5639FD00EF3D8B /* Info.plist */ = {isa = PBXFileReference; lastKnownFileType = text.plist.xml; path = Info.plist; sourceTree = "<group>"; };
		6A7F73312B5639FD00EF3D8B /* TextEditorTests.xctest */ = {isa = PBXFileReference; explicitFileType = wrapper.cfbundle; includeInIndex = 0; path = TextEditorTests.xctest; sourceTree = BUILT_PRODUCTS_DIR; };
		6A7F73352B5639FD00EF3D8B /* TextEditorTests.swift */ = {isa = PBXFileReference; lastKnownFileType = sourcecode.swift; path = TextEditorTests.swift; sourceTree = "<group>"; };
/* End PBXFileReference section */

/* Begin PBXFrameworksBuildPhase section */
		6A7F73192B5639FB00EF3D8B /* Frameworks */ = {
			isa = PBXFrameworksBuildPhase;
			buildActionMask = 2147483647;
			files = (
				6A7F73222B5639FB00EF3D8B /* RealityKitContent in Frameworks */,
			);
			runOnlyForDeploymentPostprocessing = 0;
		};
		6A7F732E2B5639FD00EF3D8B /* Frameworks */ = {
			isa = PBXFrameworksBuildPhase;
			buildActionMask = 2147483647;
			files = (
			);
			runOnlyForDeploymentPostprocessing = 0;
		};
/* End PBXFrameworksBuildPhase section */

/* Begin PBXGroup section */
		6A7F73132B5639FB00EF3D8B = {
			isa = PBXGroup;
			children = (
				6A7F731E2B5639FB00EF3D8B /* TextEditor */,
				6A7F731F2B5639FB00EF3D8B /* Packages */,
				6A7F73342B5639FD00EF3D8B /* TextEditorTests */,
				6A7F731D2B5639FB00EF3D8B /* Products */,
			);
			sourceTree = "<group>";
		};
		6A7F731D2B5639FB00EF3D8B /* Products */ = {
			isa = PBXGroup;
			children = (
				6A7F731C2B5639FB00EF3D8B /* TextEditor.app */,
				6A7F73312B5639FD00EF3D8B /* TextEditorTests.xctest */,
			);
			name = Products;
			sourceTree = "<group>";
		};
		6A7F731E2B5639FB00EF3D8B /* TextEditor */ = {
			isa = PBXGroup;
			children = (
				6A7F73232B5639FB00EF3D8B /* TextEditorApp.swift */,
				6A7F73252B5639FB00EF3D8B /* ContentView.swift */,
				6A7F73272B5639FD00EF3D8B /* Assets.xcassets */,
				6A7F732C2B5639FD00EF3D8B /* Info.plist */,
				6A7F73292B5639FD00EF3D8B /* Preview Content */,
			);
			path = TextEditor;
			sourceTree = "<group>";
		};
		6A7F731F2B5639FB00EF3D8B /* Packages */ = {
			isa = PBXGroup;
			children = (
				6A7F73202B5639FB00EF3D8B /* RealityKitContent */,
			);
			path = Packages;
			sourceTree = "<group>";
		};
		6A7F73292B5639FD00EF3D8B /* Preview Content */ = {
			isa = PBXGroup;
			children = (
				6A7F732A2B5639FD00EF3D8B /* Preview Assets.xcassets */,
			);
			path = "Preview Content";
			sourceTree = "<group>";
		};
		6A7F73342B5639FD00EF3D8B /* TextEditorTests */ = {
			isa = PBXGroup;
			children = (
				6A7F73352B5639FD00EF3D8B /* TextEditorTests.swift */,
			);
			path = TextEditorTests;
			sourceTree = "<group>";
		};
/* End PBXGroup section */

/* Begin PBXNativeTarget section */
		6A7F731B2B5639FB00EF3D8B /* TextEditor */ = {
			isa = PBXNativeTarget;
			buildConfigurationList = 6A7F73392B5639FD00EF3D8B /* Build configuration list for PBXNativeTarget "TextEditor" */;
			buildPhases = (
				6A7F73182B5639FB00EF3D8B /* Sources */,
				6A7F73192B5639FB00EF3D8B /* Frameworks */,
				6A7F731A2B5639FB00EF3D8B /* Resources */,
			);
			buildRules = (
			);
			dependencies = (
			);
			name = TextEditor;
			packageProductDependencies = (
				6A7F73212B5639FB00EF3D8B /* RealityKitContent */,
			);
			productName = TextEditor;
			productReference = 6A7F731C2B5639FB00EF3D8B /* TextEditor.app */;
			productType = "com.apple.product-type.application";
		};
		6A7F73302B5639FD00EF3D8B /* TextEditorTests */ = {
			isa = PBXNativeTarget;
			buildConfigurationList = 6A7F733C2B5639FD00EF3D8B /* Build configuration list for PBXNativeTarget "TextEditorTests" */;
			buildPhases = (
				6A7F732D2B5639FD00EF3D8B /* Sources */,
				6A7F732E2B5639FD00EF3D8B /* Frameworks */,
				6A7F732F2B5639FD00EF3D8B /* Resources */,
			);
			buildRules = (
			);
			dependencies = (
				6A7F73332B5639FD00EF3D8B /* PBXTargetDependency */,
			);
			name = TextEditorTests;
			productName = TextEditorTests;
			productReference = 6A7F73312B5639FD00EF3D8B /* TextEditorTests.xctest */;
			productType = "com.apple.product-type.bundle.unit-test";
		};
/* End PBXNativeTarget section */

/* Begin PBXProject section */
		6A7F73142B5639FB00EF3D8B /* Project object */ = {
			isa = PBXProject;
			attributes = {
				BuildIndependentTargetsInParallel = 1;
				LastSwiftUpdateCheck = 1520;
				LastUpgradeCheck = 1520;
				TargetAttributes = {
					6A7F731B2B5639FB00EF3D8B = {
						CreatedOnToolsVersion = 15.2;
					};
					6A7F73302B5639FD00EF3D8B = {
						CreatedOnToolsVersion = 15.2;
						TestTargetID = 6A7F731B2B5639FB00EF3D8B;
					};
				};
			};
			buildConfigurationList = 6A7F73172B5639FB00EF3D8B /* Build configuration list for PBXProject "TextEditor" */;
			compatibilityVersion = "Xcode 14.0";
			developmentRegion = en;
			hasScannedForEncodings = 0;
			knownRegions = (
				en,
				Base,
			);
			mainGroup = 6A7F73132B5639FB00EF3D8B;
			productRefGroup = 6A7F731D2B5639FB00EF3D8B /* Products */;
			projectDirPath = "";
			projectRoot = "";
			targets = (
				6A7F731B2B5639FB00EF3D8B /* TextEditor */,
				6A7F73302B5639FD00EF3D8B /* TextEditorTests */,
			);
		};
/* End PBXProject section */

/* Begin PBXResourcesBuildPhase section */
		6A7F731A2B5639FB00EF3D8B /* Resources */ = {
			isa = PBXResourcesBuildPhase;
			buildActionMask = 2147483647;
			files = (
				6A7F732B2B5639FD00EF3D8B /* Preview Assets.xcassets in Resources */,
				6A7F73282B5639FD00EF3D8B /* Assets.xcassets in Resources */,
			);
			runOnlyForDeploymentPostprocessing = 0;
		};
		6A7F732F2B5639FD00EF3D8B /* Resources */ = {
			isa = PBXResourcesBuildPhase;
			buildActionMask = 2147483647;
			files = (
			);
			runOnlyForDeploymentPostprocessing = 0;
		};
/* End PBXResourcesBuildPhase section */

/* Begin PBXSourcesBuildPhase section */
		6A7F73182B5639FB00EF3D8B /* Sources */ = {
			isa = PBXSourcesBuildPhase;
			buildActionMask = 2147483647;
			files = (
				6A7F73262B5639FB00EF3D8B /* ContentView.swift in Sources */,
				6A7F73242B5639FB00EF3D8B /* TextEditorApp.swift in Sources */,
			);
			runOnlyForDeploymentPostprocessing = 0;
		};
		6A7F732D2B5639FD00EF3D8B /* Sources */ = {
			isa = PBXSourcesBuildPhase;
			buildActionMask = 2147483647;
			files = (
				6A7F73362B5639FD00EF3D8B /* TextEditorTests.swift in Sources */,
			);
			runOnlyForDeploymentPostprocessing = 0;
		};
/* End PBXSourcesBuildPhase section */

/* Begin PBXTargetDependency section */
		6A7F73332B5639FD00EF3D8B /* PBXTargetDependency */ = {
			isa = PBXTargetDependency;
			target = 6A7F731B2B5639FB00EF3D8B /* TextEditor */;
			targetProxy = 6A7F73322B5639FD00EF3D8B /* PBXContainerItemProxy */;
		};
/* End PBXTargetDependency section */

/* Begin XCBuildConfiguration section */
		6A7F73372B5639FD00EF3D8B /* Debug */ = {
			isa = XCBuildConfiguration;
			buildSettings = {
				ALWAYS_SEARCH_USER_PATHS = NO;
				ASSETCATALOG_COMPILER_GENERATE_SWIFT_ASSET_SYMBOL_EXTENSIONS = YES;
				CLANG_ANALYZER_NONNULL = YES;
				CLANG_ANALYZER_NUMBER_OBJECT_CONVERSION = YES_AGGRESSIVE;
				CLANG_CXX_LANGUAGE_STANDARD = "gnu++20";
				CLANG_ENABLE_MODULES = YES;
				CLANG_ENABLE_OBJC_ARC = YES;
				CLANG_ENABLE_OBJC_WEAK = YES;
				CLANG_WARN_BLOCK_CAPTURE_AUTORELEASING = YES;
				CLANG_WARN_BOOL_CONVERSION = YES;
				CLANG_WARN_COMMA = YES;
				CLANG_WARN_CONSTANT_CONVERSION = YES;
				CLANG_WARN_DEPRECATED_OBJC_IMPLEMENTATIONS = YES;
				CLANG_WARN_DIRECT_OBJC_ISA_USAGE = YES_ERROR;
				CLANG_WARN_DOCUMENTATION_COMMENTS = YES;
				CLANG_WARN_EMPTY_BODY = YES;
				CLANG_WARN_ENUM_CONVERSION = YES;
				CLANG_WARN_INFINITE_RECURSION = YES;
				CLANG_WARN_INT_CONVERSION = YES;
				CLANG_WARN_NON_LITERAL_NULL_CONVERSION = YES;
				CLANG_WARN_OBJC_IMPLICIT_RETAIN_SELF = YES;
				CLANG_WARN_OBJC_LITERAL_CONVERSION = YES;
				CLANG_WARN_OBJC_ROOT_CLASS = YES_ERROR;
				CLANG_WARN_QUOTED_INCLUDE_IN_FRAMEWORK_HEADER = YES;
				CLANG_WARN_RANGE_LOOP_ANALYSIS = YES;
				CLANG_WARN_STRICT_PROTOTYPES = YES;
				CLANG_WARN_SUSPICIOUS_MOVE = YES;
				CLANG_WARN_UNGUARDED_AVAILABILITY = YES_AGGRESSIVE;
				CLANG_WARN_UNREACHABLE_CODE = YES;
				CLANG_WARN__DUPLICATE_METHOD_MATCH = YES;
				COPY_PHASE_STRIP = NO;
				DEBUG_INFORMATION_FORMAT = dwarf;
				ENABLE_STRICT_OBJC_MSGSEND = YES;
				ENABLE_TESTABILITY = YES;
				ENABLE_USER_SCRIPT_SANDBOXING = YES;
				GCC_C_LANGUAGE_STANDARD = gnu17;
				GCC_DYNAMIC_NO_PIC = NO;
				GCC_NO_COMMON_BLOCKS = YES;
				GCC_OPTIMIZATION_LEVEL = 0;
				GCC_PREPROCESSOR_DEFINITIONS = (
					"DEBUG=1",
					"$(inherited)",
				);
				GCC_WARN_64_TO_32_BIT_CONVERSION = YES;
				GCC_WARN_ABOUT_RETURN_TYPE = YES_ERROR;
				GCC_WARN_UNDECLARED_SELECTOR = YES;
				GCC_WARN_UNINITIALIZED_AUTOS = YES_AGGRESSIVE;
				GCC_WARN_UNUSED_FUNCTION = YES;
				GCC_WARN_UNUSED_VARIABLE = YES;
				LOCALIZATION_PREFERS_STRING_CATALOGS = YES;
				MTL_ENABLE_DEBUG_INFO = INCLUDE_SOURCE;
				MTL_FAST_MATH = YES;
				ONLY_ACTIVE_ARCH = YES;
				SDKROOT = xros;
				SWIFT_ACTIVE_COMPILATION_CONDITIONS = "DEBUG $(inherited)";
				SWIFT_OPTIMIZATION_LEVEL = "-Onone";
				XROS_DEPLOYMENT_TARGET = 1.0;
			};
			name = Debug;
		};
		6A7F73382B5639FD00EF3D8B /* Release */ = {
			isa = XCBuildConfiguration;
			buildSettings = {
				ALWAYS_SEARCH_USER_PATHS = NO;
				ASSETCATALOG_COMPILER_GENERATE_SWIFT_ASSET_SYMBOL_EXTENSIONS = YES;
				CLANG_ANALYZER_NONNULL = YES;
				CLANG_ANALYZER_NUMBER_OBJECT_CONVERSION = YES_AGGRESSIVE;
				CLANG_CXX_LANGUAGE_STANDARD = "gnu++20";
				CLANG_ENABLE_MODULES = YES;
				CLANG_ENABLE_OBJC_ARC = YES;
				CLANG_ENABLE_OBJC_WEAK = YES;
				CLANG_WARN_BLOCK_CAPTURE_AUTORELEASING = YES;
				CLANG_WARN_BOOL_CONVERSION = YES;
				CLANG_WARN_COMMA = YES;
				CLANG_WARN_CONSTANT_CONVERSION = YES;
				CLANG_WARN_DEPRECATED_OBJC_IMPLEMENTATIONS = YES;
				CLANG_WARN_DIRECT_OBJC_ISA_USAGE = YES_ERROR;
				CLANG_WARN_DOCUMENTATION_COMMENTS = YES;
				CLANG_WARN_EMPTY_BODY = YES;
				CLANG_WARN_ENUM_CONVERSION = YES;
				CLANG_WARN_INFINITE_RECURSION = YES;
				CLANG_WARN_INT_CONVERSION = YES;
				CLANG_WARN_NON_LITERAL_NULL_CONVERSION = YES;
				CLANG_WARN_OBJC_IMPLICIT_RETAIN_SELF = YES;
				CLANG_WARN_OBJC_LITERAL_CONVERSION = YES;
				CLANG_WARN_OBJC_ROOT_CLASS = YES_ERROR;
				CLANG_WARN_QUOTED_INCLUDE_IN_FRAMEWORK_HEADER = YES;
				CLANG_WARN_RANGE_LOOP_ANALYSIS = YES;
				CLANG_WARN_STRICT_PROTOTYPES = YES;
				CLANG_WARN_SUSPICIOUS_MOVE = YES;
				CLANG_WARN_UNGUARDED_AVAILABILITY = YES_AGGRESSIVE;
				CLANG_WARN_UNREACHABLE_CODE = YES;
				CLANG_WARN__DUPLICATE_METHOD_MATCH = YES;
				COPY_PHASE_STRIP = NO;
				DEBUG_INFORMATION_FORMAT = "dwarf-with-dsym";
				ENABLE_NS_ASSERTIONS = NO;
				ENABLE_STRICT_OBJC_MSGSEND = YES;
				ENABLE_USER_SCRIPT_SANDBOXING = YES;
				GCC_C_LANGUAGE_STANDARD = gnu17;
				GCC_NO_COMMON_BLOCKS = YES;
				GCC_WARN_64_TO_32_BIT_CONVERSION = YES;
				GCC_WARN_ABOUT_RETURN_TYPE = YES_ERROR;
				GCC_WARN_UNDECLARED_SELECTOR = YES;
				GCC_WARN_UNINITIALIZED_AUTOS = YES_AGGRESSIVE;
				GCC_WARN_UNUSED_FUNCTION = YES;
				GCC_WARN_UNUSED_VARIABLE = YES;
				LOCALIZATION_PREFERS_STRING_CATALOGS = YES;
				MTL_ENABLE_DEBUG_INFO = NO;
				MTL_FAST_MATH = YES;
				SDKROOT = xros;
				SWIFT_COMPILATION_MODE = wholemodule;
				VALIDATE_PRODUCT = YES;
				XROS_DEPLOYMENT_TARGET = 1.0;
			};
			name = Release;
		};
		6A7F733A2B5639FD00EF3D8B /* Debug */ = {
			isa = XCBuildConfiguration;
			buildSettings = {
				ASSETCATALOG_COMPILER_APPICON_NAME = AppIcon;
				ASSETCATALOG_COMPILER_GLOBAL_ACCENT_COLOR_NAME = AccentColor;
				CODE_SIGN_STYLE = Automatic;
				CURRENT_PROJECT_VERSION = 1;
				DEVELOPMENT_ASSET_PATHS = "\"TextEditor/Preview Content\"";
				ENABLE_PREVIEWS = YES;
				GENERATE_INFOPLIST_FILE = YES;
				INFOPLIST_FILE = "$(TARGET_NAME)/Info.plist";
				LD_RUNPATH_SEARCH_PATHS = (
					"$(inherited)",
					"@executable_path/Frameworks",
				);
				MARKETING_VERSION = 1.0;
				PRODUCT_BUNDLE_IDENTIFIER = "Yoon-Ro.TextEditor";
				PRODUCT_NAME = "$(TARGET_NAME)";
				SUPPORTED_PLATFORMS = "xros xrsimulator";
				SWIFT_EMIT_LOC_STRINGS = YES;
				SWIFT_VERSION = 5.0;
				TARGETED_DEVICE_FAMILY = "1,2,7";
			};
			name = Debug;
		};
		6A7F733B2B5639FD00EF3D8B /* Release */ = {
			isa = XCBuildConfiguration;
			buildSettings = {
				ASSETCATALOG_COMPILER_APPICON_NAME = AppIcon;
				ASSETCATALOG_COMPILER_GLOBAL_ACCENT_COLOR_NAME = AccentColor;
				CODE_SIGN_STYLE = Automatic;
				CURRENT_PROJECT_VERSION = 1;
				DEVELOPMENT_ASSET_PATHS = "\"TextEditor/Preview Content\"";
				ENABLE_PREVIEWS = YES;
				GENERATE_INFOPLIST_FILE = YES;
				INFOPLIST_FILE = "$(TARGET_NAME)/Info.plist";
				LD_RUNPATH_SEARCH_PATHS = (
					"$(inherited)",
					"@executable_path/Frameworks",
				);
				MARKETING_VERSION = 1.0;
				PRODUCT_BUNDLE_IDENTIFIER = "Yoon-Ro.TextEditor";
				PRODUCT_NAME = "$(TARGET_NAME)";
				SUPPORTED_PLATFORMS = "xros xrsimulator";
				SWIFT_EMIT_LOC_STRINGS = YES;
				SWIFT_VERSION = 5.0;
				TARGETED_DEVICE_FAMILY = "1,2,7";
			};
			name = Release;
		};
		6A7F733D2B5639FD00EF3D8B /* Debug */ = {
			isa = XCBuildConfiguration;
			buildSettings = {
				ALWAYS_EMBED_SWIFT_STANDARD_LIBRARIES = YES;
				BUNDLE_LOADER = "$(TEST_HOST)";
				CODE_SIGN_STYLE = Automatic;
				CURRENT_PROJECT_VERSION = 1;
				GENERATE_INFOPLIST_FILE = YES;
				MARKETING_VERSION = 1.0;
				PRODUCT_BUNDLE_IDENTIFIER = "Yoon-Ro.TextEditorTests";
				PRODUCT_NAME = "$(TARGET_NAME)";
				SUPPORTED_PLATFORMS = "xros xrsimulator";
				SWIFT_EMIT_LOC_STRINGS = NO;
				SWIFT_VERSION = 5.0;
				TARGETED_DEVICE_FAMILY = "1,2,7";
				TEST_HOST = "$(BUILT_PRODUCTS_DIR)/TextEditor.app/$(BUNDLE_EXECUTABLE_FOLDER_PATH)/TextEditor";
				XROS_DEPLOYMENT_TARGET = 1.0;
			};
			name = Debug;
		};
		6A7F733E2B5639FD00EF3D8B /* Release */ = {
			isa = XCBuildConfiguration;
			buildSettings = {
				ALWAYS_EMBED_SWIFT_STANDARD_LIBRARIES = YES;
				BUNDLE_LOADER = "$(TEST_HOST)";
				CODE_SIGN_STYLE = Automatic;
				CURRENT_PROJECT_VERSION = 1;
				GENERATE_INFOPLIST_FILE = YES;
				MARKETING_VERSION = 1.0;
				PRODUCT_BUNDLE_IDENTIFIER = "Yoon-Ro.TextEditorTests";
				PRODUCT_NAME = "$(TARGET_NAME)";
				SUPPORTED_PLATFORMS = "xros xrsimulator";
				SWIFT_EMIT_LOC_STRINGS = NO;
				SWIFT_VERSION = 5.0;
				TARGETED_DEVICE_FAMILY = "1,2,7";
				TEST_HOST = "$(BUILT_PRODUCTS_DIR)/TextEditor.app/$(BUNDLE_EXECUTABLE_FOLDER_PATH)/TextEditor";
				XROS_DEPLOYMENT_TARGET = 1.0;
			};
			name = Release;
		};
/* End XCBuildConfiguration section */

/* Begin XCConfigurationList section */
		6A7F73172B5639FB00EF3D8B /* Build configuration list for PBXProject "TextEditor" */ = {
			isa = XCConfigurationList;
			buildConfigurations = (
				6A7F73372B5639FD00EF3D8B /* Debug */,
				6A7F73382B5639FD00EF3D8B /* Release */,
			);
			defaultConfigurationIsVisible = 0;
			defaultConfigurationName = Release;
		};
		6A7F73392B5639FD00EF3D8B /* Build configuration list for PBXNativeTarget "TextEditor" */ = {
			isa = XCConfigurationList;
			buildConfigurations = (
				6A7F733A2B5639FD00EF3D8B /* Debug */,
				6A7F733B2B5639FD00EF3D8B /* Release */,
			);
			defaultConfigurationIsVisible = 0;
			defaultConfigurationName = Release;
		};
		6A7F733C2B5639FD00EF3D8B /* Build configuration list for PBXNativeTarget "TextEditorTests" */ = {
			isa = XCConfigurationList;
			buildConfigurations = (
				6A7F733D2B5639FD00EF3D8B /* Debug */,
				6A7F733E2B5639FD00EF3D8B /* Release */,
			);
			defaultConfigurationIsVisible = 0;
			defaultConfigurationName = Release;
		};
/* End XCConfigurationList section */

/* Begin XCSwiftPackageProductDependency section */
		6A7F73212B5639FB00EF3D8B /* RealityKitContent */ = {
			isa = XCSwiftPackageProductDependency;
			productName = RealityKitContent;
		};
/* End XCSwiftPackageProductDependency section */
	};
	rootObject = 6A7F73142B5639FB00EF3D8B /* Project object */;
}
