// !$*UTF8*$!
{
	archiveVersion = 1;
	classes = {
	};
	objectVersion = 56;
	objects = {

/* Begin PBXBuildFile section */
		6AEEBB962BEAF9D100A6D16E /* RealityKitContent in Frameworks */ = {isa = PBXBuildFile; productRef = 6AEEBB952BEAF9D100A6D16E /* RealityKitContent */; };
		6AEEBB982BEAF9D100A6D16E /* TextSelectionApp.swift in Sources */ = {isa = PBXBuildFile; fileRef = 6AEEBB972BEAF9D100A6D16E /* TextSelectionApp.swift */; };
		6AEEBB9A2BEAF9D100A6D16E /* ContentView.swift in Sources */ = {isa = PBXBuildFile; fileRef = 6AEEBB992BEAF9D100A6D16E /* ContentView.swift */; };
		6AEEBB9C2BEAF9D300A6D16E /* Assets.xcassets in Resources */ = {isa = PBXBuildFile; fileRef = 6AEEBB9B2BEAF9D300A6D16E /* Assets.xcassets */; };
		6AEEBB9F2BEAF9D300A6D16E /* Preview Assets.xcassets in Resources */ = {isa = PBXBuildFile; fileRef = 6AEEBB9E2BEAF9D300A6D16E /* Preview Assets.xcassets */; };
		6AEEBBAA2BEAF9D300A6D16E /* TextSelectionTests.swift in Sources */ = {isa = PBXBuildFile; fileRef = 6AEEBBA92BEAF9D300A6D16E /* TextSelectionTests.swift */; };
/* End PBXBuildFile section */

/* Begin PBXContainerItemProxy section */
		6AEEBBA62BEAF9D300A6D16E /* PBXContainerItemProxy */ = {
			isa = PBXContainerItemProxy;
			containerPortal = 6AEEBB882BEAF9D100A6D16E /* Project object */;
			proxyType = 1;
			remoteGlobalIDString = 6AEEBB8F2BEAF9D100A6D16E;
			remoteInfo = TextSelection;
		};
/* End PBXContainerItemProxy section */

/* Begin PBXFileReference section */
		6AEEBB902BEAF9D100A6D16E /* TextSelection.app */ = {isa = PBXFileReference; explicitFileType = wrapper.application; includeInIndex = 0; path = TextSelection.app; sourceTree = BUILT_PRODUCTS_DIR; };
		6AEEBB942BEAF9D100A6D16E /* RealityKitContent */ = {isa = PBXFileReference; lastKnownFileType = wrapper; path = RealityKitContent; sourceTree = "<group>"; };
		6AEEBB972BEAF9D100A6D16E /* TextSelectionApp.swift */ = {isa = PBXFileReference; lastKnownFileType = sourcecode.swift; path = TextSelectionApp.swift; sourceTree = "<group>"; };
		6AEEBB992BEAF9D100A6D16E /* ContentView.swift */ = {isa = PBXFileReference; lastKnownFileType = sourcecode.swift; path = ContentView.swift; sourceTree = "<group>"; };
		6AEEBB9B2BEAF9D300A6D16E /* Assets.xcassets */ = {isa = PBXFileReference; lastKnownFileType = folder.assetcatalog; path = Assets.xcassets; sourceTree = "<group>"; };
		6AEEBB9E2BEAF9D300A6D16E /* Preview Assets.xcassets */ = {isa = PBXFileReference; lastKnownFileType = folder.assetcatalog; path = "Preview Assets.xcassets"; sourceTree = "<group>"; };
		6AEEBBA02BEAF9D300A6D16E /* Info.plist */ = {isa = PBXFileReference; lastKnownFileType = text.plist.xml; path = Info.plist; sourceTree = "<group>"; };
		6AEEBBA52BEAF9D300A6D16E /* TextSelectionTests.xctest */ = {isa = PBXFileReference; explicitFileType = wrapper.cfbundle; includeInIndex = 0; path = TextSelectionTests.xctest; sourceTree = BUILT_PRODUCTS_DIR; };
		6AEEBBA92BEAF9D300A6D16E /* TextSelectionTests.swift */ = {isa = PBXFileReference; lastKnownFileType = sourcecode.swift; path = TextSelectionTests.swift; sourceTree = "<group>"; };
/* End PBXFileReference section */

/* Begin PBXFrameworksBuildPhase section */
		6AEEBB8D2BEAF9D100A6D16E /* Frameworks */ = {
			isa = PBXFrameworksBuildPhase;
			buildActionMask = 2147483647;
			files = (
				6AEEBB962BEAF9D100A6D16E /* RealityKitContent in Frameworks */,
			);
			runOnlyForDeploymentPostprocessing = 0;
		};
		6AEEBBA22BEAF9D300A6D16E /* Frameworks */ = {
			isa = PBXFrameworksBuildPhase;
			buildActionMask = 2147483647;
			files = (
			);
			runOnlyForDeploymentPostprocessing = 0;
		};
/* End PBXFrameworksBuildPhase section */

/* Begin PBXGroup section */
		6AEEBB872BEAF9D100A6D16E = {
			isa = PBXGroup;
			children = (
				6AEEBB922BEAF9D100A6D16E /* TextSelection */,
				6AEEBB932BEAF9D100A6D16E /* Packages */,
				6AEEBBA82BEAF9D300A6D16E /* TextSelectionTests */,
				6AEEBB912BEAF9D100A6D16E /* Products */,
			);
			sourceTree = "<group>";
		};
		6AEEBB912BEAF9D100A6D16E /* Products */ = {
			isa = PBXGroup;
			children = (
				6AEEBB902BEAF9D100A6D16E /* TextSelection.app */,
				6AEEBBA52BEAF9D300A6D16E /* TextSelectionTests.xctest */,
			);
			name = Products;
			sourceTree = "<group>";
		};
		6AEEBB922BEAF9D100A6D16E /* TextSelection */ = {
			isa = PBXGroup;
			children = (
				6AEEBB972BEAF9D100A6D16E /* TextSelectionApp.swift */,
				6AEEBB992BEAF9D100A6D16E /* ContentView.swift */,
				6AEEBB9B2BEAF9D300A6D16E /* Assets.xcassets */,
				6AEEBBA02BEAF9D300A6D16E /* Info.plist */,
				6AEEBB9D2BEAF9D300A6D16E /* Preview Content */,
			);
			path = TextSelection;
			sourceTree = "<group>";
		};
		6AEEBB932BEAF9D100A6D16E /* Packages */ = {
			isa = PBXGroup;
			children = (
				6AEEBB942BEAF9D100A6D16E /* RealityKitContent */,
			);
			path = Packages;
			sourceTree = "<group>";
		};
		6AEEBB9D2BEAF9D300A6D16E /* Preview Content */ = {
			isa = PBXGroup;
			children = (
				6AEEBB9E2BEAF9D300A6D16E /* Preview Assets.xcassets */,
			);
			path = "Preview Content";
			sourceTree = "<group>";
		};
		6AEEBBA82BEAF9D300A6D16E /* TextSelectionTests */ = {
			isa = PBXGroup;
			children = (
				6AEEBBA92BEAF9D300A6D16E /* TextSelectionTests.swift */,
			);
			path = TextSelectionTests;
			sourceTree = "<group>";
		};
/* End PBXGroup section */

/* Begin PBXNativeTarget section */
		6AEEBB8F2BEAF9D100A6D16E /* TextSelection */ = {
			isa = PBXNativeTarget;
			buildConfigurationList = 6AEEBBAD2BEAF9D300A6D16E /* Build configuration list for PBXNativeTarget "TextSelection" */;
			buildPhases = (
				6AEEBB8C2BEAF9D100A6D16E /* Sources */,
				6AEEBB8D2BEAF9D100A6D16E /* Frameworks */,
				6AEEBB8E2BEAF9D100A6D16E /* Resources */,
			);
			buildRules = (
			);
			dependencies = (
			);
			name = TextSelection;
			packageProductDependencies = (
				6AEEBB952BEAF9D100A6D16E /* RealityKitContent */,
			);
			productName = TextSelection;
			productReference = 6AEEBB902BEAF9D100A6D16E /* TextSelection.app */;
			productType = "com.apple.product-type.application";
		};
		6AEEBBA42BEAF9D300A6D16E /* TextSelectionTests */ = {
			isa = PBXNativeTarget;
			buildConfigurationList = 6AEEBBB02BEAF9D300A6D16E /* Build configuration list for PBXNativeTarget "TextSelectionTests" */;
			buildPhases = (
				6AEEBBA12BEAF9D300A6D16E /* Sources */,
				6AEEBBA22BEAF9D300A6D16E /* Frameworks */,
				6AEEBBA32BEAF9D300A6D16E /* Resources */,
			);
			buildRules = (
			);
			dependencies = (
				6AEEBBA72BEAF9D300A6D16E /* PBXTargetDependency */,
			);
			name = TextSelectionTests;
			productName = TextSelectionTests;
			productReference = 6AEEBBA52BEAF9D300A6D16E /* TextSelectionTests.xctest */;
			productType = "com.apple.product-type.bundle.unit-test";
		};
/* End PBXNativeTarget section */

/* Begin PBXProject section */
		6AEEBB882BEAF9D100A6D16E /* Project object */ = {
			isa = PBXProject;
			attributes = {
				BuildIndependentTargetsInParallel = 1;
				LastSwiftUpdateCheck = 1530;
				LastUpgradeCheck = 1530;
				TargetAttributes = {
					6AEEBB8F2BEAF9D100A6D16E = {
						CreatedOnToolsVersion = 15.3;
					};
					6AEEBBA42BEAF9D300A6D16E = {
						CreatedOnToolsVersion = 15.3;
						TestTargetID = 6AEEBB8F2BEAF9D100A6D16E;
					};
				};
			};
			buildConfigurationList = 6AEEBB8B2BEAF9D100A6D16E /* Build configuration list for PBXProject "TextSelection" */;
			compatibilityVersion = "Xcode 14.0";
			developmentRegion = en;
			hasScannedForEncodings = 0;
			knownRegions = (
				en,
				Base,
			);
			mainGroup = 6AEEBB872BEAF9D100A6D16E;
			productRefGroup = 6AEEBB912BEAF9D100A6D16E /* Products */;
			projectDirPath = "";
			projectRoot = "";
			targets = (
				6AEEBB8F2BEAF9D100A6D16E /* TextSelection */,
				6AEEBBA42BEAF9D300A6D16E /* TextSelectionTests */,
			);
		};
/* End PBXProject section */

/* Begin PBXResourcesBuildPhase section */
		6AEEBB8E2BEAF9D100A6D16E /* Resources */ = {
			isa = PBXResourcesBuildPhase;
			buildActionMask = 2147483647;
			files = (
				6AEEBB9F2BEAF9D300A6D16E /* Preview Assets.xcassets in Resources */,
				6AEEBB9C2BEAF9D300A6D16E /* Assets.xcassets in Resources */,
			);
			runOnlyForDeploymentPostprocessing = 0;
		};
		6AEEBBA32BEAF9D300A6D16E /* Resources */ = {
			isa = PBXResourcesBuildPhase;
			buildActionMask = 2147483647;
			files = (
			);
			runOnlyForDeploymentPostprocessing = 0;
		};
/* End PBXResourcesBuildPhase section */

/* Begin PBXSourcesBuildPhase section */
		6AEEBB8C2BEAF9D100A6D16E /* Sources */ = {
			isa = PBXSourcesBuildPhase;
			buildActionMask = 2147483647;
			files = (
				6AEEBB9A2BEAF9D100A6D16E /* ContentView.swift in Sources */,
				6AEEBB982BEAF9D100A6D16E /* TextSelectionApp.swift in Sources */,
			);
			runOnlyForDeploymentPostprocessing = 0;
		};
		6AEEBBA12BEAF9D300A6D16E /* Sources */ = {
			isa = PBXSourcesBuildPhase;
			buildActionMask = 2147483647;
			files = (
				6AEEBBAA2BEAF9D300A6D16E /* TextSelectionTests.swift in Sources */,
			);
			runOnlyForDeploymentPostprocessing = 0;
		};
/* End PBXSourcesBuildPhase section */

/* Begin PBXTargetDependency section */
		6AEEBBA72BEAF9D300A6D16E /* PBXTargetDependency */ = {
			isa = PBXTargetDependency;
			target = 6AEEBB8F2BEAF9D100A6D16E /* TextSelection */;
			targetProxy = 6AEEBBA62BEAF9D300A6D16E /* PBXContainerItemProxy */;
		};
/* End PBXTargetDependency section */

/* Begin XCBuildConfiguration section */
		6AEEBBAB2BEAF9D300A6D16E /* Debug */ = {
			isa = XCBuildConfiguration;
			buildSettings = {
				ALWAYS_SEARCH_USER_PATHS = NO;
				ASSETCATALOG_COMPILER_GENERATE_SWIFT_ASSET_SYMBOL_EXTENSIONS = YES;
				CLANG_ANALYZER_NONNULL = YES;
				CLANG_ANALYZER_NUMBER_OBJECT_CONVERSION = YES_AGGRESSIVE;
				CLANG_CXX_LANGUAGE_STANDARD = "gnu++20";
				CLANG_ENABLE_MODULES = YES;
				CLANG_ENABLE_OBJC_ARC = YES;
				CLANG_ENABLE_OBJC_WEAK = YES;
				CLANG_WARN_BLOCK_CAPTURE_AUTORELEASING = YES;
				CLANG_WARN_BOOL_CONVERSION = YES;
				CLANG_WARN_COMMA = YES;
				CLANG_WARN_CONSTANT_CONVERSION = YES;
				CLANG_WARN_DEPRECATED_OBJC_IMPLEMENTATIONS = YES;
				CLANG_WARN_DIRECT_OBJC_ISA_USAGE = YES_ERROR;
				CLANG_WARN_DOCUMENTATION_COMMENTS = YES;
				CLANG_WARN_EMPTY_BODY = YES;
				CLANG_WARN_ENUM_CONVERSION = YES;
				CLANG_WARN_INFINITE_RECURSION = YES;
				CLANG_WARN_INT_CONVERSION = YES;
				CLANG_WARN_NON_LITERAL_NULL_CONVERSION = YES;
				CLANG_WARN_OBJC_IMPLICIT_RETAIN_SELF = YES;
				CLANG_WARN_OBJC_LITERAL_CONVERSION = YES;
				CLANG_WARN_OBJC_ROOT_CLASS = YES_ERROR;
				CLANG_WARN_QUOTED_INCLUDE_IN_FRAMEWORK_HEADER = YES;
				CLANG_WARN_RANGE_LOOP_ANALYSIS = YES;
				CLANG_WARN_STRICT_PROTOTYPES = YES;
				CLANG_WARN_SUSPICIOUS_MOVE = YES;
				CLANG_WARN_UNGUARDED_AVAILABILITY = YES_AGGRESSIVE;
				CLANG_WARN_UNREACHABLE_CODE = YES;
				CLANG_WARN__DUPLICATE_METHOD_MATCH = YES;
				COPY_PHASE_STRIP = NO;
				DEBUG_INFORMATION_FORMAT = dwarf;
				ENABLE_STRICT_OBJC_MSGSEND = YES;
				ENABLE_TESTABILITY = YES;
				ENABLE_USER_SCRIPT_SANDBOXING = YES;
				GCC_C_LANGUAGE_STANDARD = gnu17;
				GCC_DYNAMIC_NO_PIC = NO;
				GCC_NO_COMMON_BLOCKS = YES;
				GCC_OPTIMIZATION_LEVEL = 0;
				GCC_PREPROCESSOR_DEFINITIONS = (
					"DEBUG=1",
					"$(inherited)",
				);
				GCC_WARN_64_TO_32_BIT_CONVERSION = YES;
				GCC_WARN_ABOUT_RETURN_TYPE = YES_ERROR;
				GCC_WARN_UNDECLARED_SELECTOR = YES;
				GCC_WARN_UNINITIALIZED_AUTOS = YES_AGGRESSIVE;
				GCC_WARN_UNUSED_FUNCTION = YES;
				GCC_WARN_UNUSED_VARIABLE = YES;
				LOCALIZATION_PREFERS_STRING_CATALOGS = YES;
				MTL_ENABLE_DEBUG_INFO = INCLUDE_SOURCE;
				MTL_FAST_MATH = YES;
				ONLY_ACTIVE_ARCH = YES;
				SDKROOT = xros;
				SWIFT_ACTIVE_COMPILATION_CONDITIONS = "DEBUG $(inherited)";
				SWIFT_OPTIMIZATION_LEVEL = "-Onone";
				XROS_DEPLOYMENT_TARGET = 1.1;
			};
			name = Debug;
		};
		6AEEBBAC2BEAF9D300A6D16E /* Release */ = {
			isa = XCBuildConfiguration;
			buildSettings = {
				ALWAYS_SEARCH_USER_PATHS = NO;
				ASSETCATALOG_COMPILER_GENERATE_SWIFT_ASSET_SYMBOL_EXTENSIONS = YES;
				CLANG_ANALYZER_NONNULL = YES;
				CLANG_ANALYZER_NUMBER_OBJECT_CONVERSION = YES_AGGRESSIVE;
				CLANG_CXX_LANGUAGE_STANDARD = "gnu++20";
				CLANG_ENABLE_MODULES = YES;
				CLANG_ENABLE_OBJC_ARC = YES;
				CLANG_ENABLE_OBJC_WEAK = YES;
				CLANG_WARN_BLOCK_CAPTURE_AUTORELEASING = YES;
				CLANG_WARN_BOOL_CONVERSION = YES;
				CLANG_WARN_COMMA = YES;
				CLANG_WARN_CONSTANT_CONVERSION = YES;
				CLANG_WARN_DEPRECATED_OBJC_IMPLEMENTATIONS = YES;
				CLANG_WARN_DIRECT_OBJC_ISA_USAGE = YES_ERROR;
				CLANG_WARN_DOCUMENTATION_COMMENTS = YES;
				CLANG_WARN_EMPTY_BODY = YES;
				CLANG_WARN_ENUM_CONVERSION = YES;
				CLANG_WARN_INFINITE_RECURSION = YES;
				CLANG_WARN_INT_CONVERSION = YES;
				CLANG_WARN_NON_LITERAL_NULL_CONVERSION = YES;
				CLANG_WARN_OBJC_IMPLICIT_RETAIN_SELF = YES;
				CLANG_WARN_OBJC_LITERAL_CONVERSION = YES;
				CLANG_WARN_OBJC_ROOT_CLASS = YES_ERROR;
				CLANG_WARN_QUOTED_INCLUDE_IN_FRAMEWORK_HEADER = YES;
				CLANG_WARN_RANGE_LOOP_ANALYSIS = YES;
				CLANG_WARN_STRICT_PROTOTYPES = YES;
				CLANG_WARN_SUSPICIOUS_MOVE = YES;
				CLANG_WARN_UNGUARDED_AVAILABILITY = YES_AGGRESSIVE;
				CLANG_WARN_UNREACHABLE_CODE = YES;
				CLANG_WARN__DUPLICATE_METHOD_MATCH = YES;
				COPY_PHASE_STRIP = NO;
				DEBUG_INFORMATION_FORMAT = "dwarf-with-dsym";
				ENABLE_NS_ASSERTIONS = NO;
				ENABLE_STRICT_OBJC_MSGSEND = YES;
				ENABLE_USER_SCRIPT_SANDBOXING = YES;
				GCC_C_LANGUAGE_STANDARD = gnu17;
				GCC_NO_COMMON_BLOCKS = YES;
				GCC_WARN_64_TO_32_BIT_CONVERSION = YES;
				GCC_WARN_ABOUT_RETURN_TYPE = YES_ERROR;
				GCC_WARN_UNDECLARED_SELECTOR = YES;
				GCC_WARN_UNINITIALIZED_AUTOS = YES_AGGRESSIVE;
				GCC_WARN_UNUSED_FUNCTION = YES;
				GCC_WARN_UNUSED_VARIABLE = YES;
				LOCALIZATION_PREFERS_STRING_CATALOGS = YES;
				MTL_ENABLE_DEBUG_INFO = NO;
				MTL_FAST_MATH = YES;
				SDKROOT = xros;
				SWIFT_COMPILATION_MODE = wholemodule;
				VALIDATE_PRODUCT = YES;
				XROS_DEPLOYMENT_TARGET = 1.1;
			};
			name = Release;
		};
		6AEEBBAE2BEAF9D300A6D16E /* Debug */ = {
			isa = XCBuildConfiguration;
			buildSettings = {
				ASSETCATALOG_COMPILER_APPICON_NAME = AppIcon;
				ASSETCATALOG_COMPILER_GLOBAL_ACCENT_COLOR_NAME = AccentColor;
				CODE_SIGN_STYLE = Automatic;
				CURRENT_PROJECT_VERSION = 1;
				DEVELOPMENT_ASSET_PATHS = "\"TextSelection/Preview Content\"";
				ENABLE_PREVIEWS = YES;
				GENERATE_INFOPLIST_FILE = YES;
				INFOPLIST_FILE = "$(TARGET_NAME)/Info.plist";
				LD_RUNPATH_SEARCH_PATHS = (
					"$(inherited)",
					"@executable_path/Frameworks",
				);
				MARKETING_VERSION = 1.0;
				PRODUCT_BUNDLE_IDENTIFIER = "Yoon-Ro.TextSelection";
				PRODUCT_NAME = "$(TARGET_NAME)";
				SUPPORTED_PLATFORMS = "xros xrsimulator";
				SWIFT_EMIT_LOC_STRINGS = YES;
				SWIFT_VERSION = 5.0;
				TARGETED_DEVICE_FAMILY = "1,2,7";
			};
			name = Debug;
		};
		6AEEBBAF2BEAF9D300A6D16E /* Release */ = {
			isa = XCBuildConfiguration;
			buildSettings = {
				ASSETCATALOG_COMPILER_APPICON_NAME = AppIcon;
				ASSETCATALOG_COMPILER_GLOBAL_ACCENT_COLOR_NAME = AccentColor;
				CODE_SIGN_STYLE = Automatic;
				CURRENT_PROJECT_VERSION = 1;
				DEVELOPMENT_ASSET_PATHS = "\"TextSelection/Preview Content\"";
				ENABLE_PREVIEWS = YES;
				GENERATE_INFOPLIST_FILE = YES;
				INFOPLIST_FILE = "$(TARGET_NAME)/Info.plist";
				LD_RUNPATH_SEARCH_PATHS = (
					"$(inherited)",
					"@executable_path/Frameworks",
				);
				MARKETING_VERSION = 1.0;
				PRODUCT_BUNDLE_IDENTIFIER = "Yoon-Ro.TextSelection";
				PRODUCT_NAME = "$(TARGET_NAME)";
				SUPPORTED_PLATFORMS = "xros xrsimulator";
				SWIFT_EMIT_LOC_STRINGS = YES;
				SWIFT_VERSION = 5.0;
				TARGETED_DEVICE_FAMILY = "1,2,7";
			};
			name = Release;
		};
		6AEEBBB12BEAF9D300A6D16E /* Debug */ = {
			isa = XCBuildConfiguration;
			buildSettings = {
				ALWAYS_EMBED_SWIFT_STANDARD_LIBRARIES = YES;
				BUNDLE_LOADER = "$(TEST_HOST)";
				CODE_SIGN_STYLE = Automatic;
				CURRENT_PROJECT_VERSION = 1;
				GENERATE_INFOPLIST_FILE = YES;
				MARKETING_VERSION = 1.0;
				PRODUCT_BUNDLE_IDENTIFIER = "Yoon-Ro.TextSelectionTests";
				PRODUCT_NAME = "$(TARGET_NAME)";
				SUPPORTED_PLATFORMS = "xros xrsimulator";
				SWIFT_EMIT_LOC_STRINGS = NO;
				SWIFT_VERSION = 5.0;
				TARGETED_DEVICE_FAMILY = "1,2,7";
				TEST_HOST = "$(BUILT_PRODUCTS_DIR)/TextSelection.app/$(BUNDLE_EXECUTABLE_FOLDER_PATH)/TextSelection";
				XROS_DEPLOYMENT_TARGET = 1.1;
			};
			name = Debug;
		};
		6AEEBBB22BEAF9D300A6D16E /* Release */ = {
			isa = XCBuildConfiguration;
			buildSettings = {
				ALWAYS_EMBED_SWIFT_STANDARD_LIBRARIES = YES;
				BUNDLE_LOADER = "$(TEST_HOST)";
				CODE_SIGN_STYLE = Automatic;
				CURRENT_PROJECT_VERSION = 1;
				GENERATE_INFOPLIST_FILE = YES;
				MARKETING_VERSION = 1.0;
				PRODUCT_BUNDLE_IDENTIFIER = "Yoon-Ro.TextSelectionTests";
				PRODUCT_NAME = "$(TARGET_NAME)";
				SUPPORTED_PLATFORMS = "xros xrsimulator";
				SWIFT_EMIT_LOC_STRINGS = NO;
				SWIFT_VERSION = 5.0;
				TARGETED_DEVICE_FAMILY = "1,2,7";
				TEST_HOST = "$(BUILT_PRODUCTS_DIR)/TextSelection.app/$(BUNDLE_EXECUTABLE_FOLDER_PATH)/TextSelection";
				XROS_DEPLOYMENT_TARGET = 1.1;
			};
			name = Release;
		};
/* End XCBuildConfiguration section */

/* Begin XCConfigurationList section */
		6AEEBB8B2BEAF9D100A6D16E /* Build configuration list for PBXProject "TextSelection" */ = {
			isa = XCConfigurationList;
			buildConfigurations = (
				6AEEBBAB2BEAF9D300A6D16E /* Debug */,
				6AEEBBAC2BEAF9D300A6D16E /* Release */,
			);
			defaultConfigurationIsVisible = 0;
			defaultConfigurationName = Release;
		};
		6AEEBBAD2BEAF9D300A6D16E /* Build configuration list for PBXNativeTarget "TextSelection" */ = {
			isa = XCConfigurationList;
			buildConfigurations = (
				6AEEBBAE2BEAF9D300A6D16E /* Debug */,
				6AEEBBAF2BEAF9D300A6D16E /* Release */,
			);
			defaultConfigurationIsVisible = 0;
			defaultConfigurationName = Release;
		};
		6AEEBBB02BEAF9D300A6D16E /* Build configuration list for PBXNativeTarget "TextSelectionTests" */ = {
			isa = XCConfigurationList;
			buildConfigurations = (
				6AEEBBB12BEAF9D300A6D16E /* Debug */,
				6AEEBBB22BEAF9D300A6D16E /* Release */,
			);
			defaultConfigurationIsVisible = 0;
			defaultConfigurationName = Release;
		};
/* End XCConfigurationList section */

/* Begin XCSwiftPackageProductDependency section */
		6AEEBB952BEAF9D100A6D16E /* RealityKitContent */ = {
			isa = XCSwiftPackageProductDependency;
			productName = RealityKitContent;
		};
/* End XCSwiftPackageProductDependency section */
	};
	rootObject = 6AEEBB882BEAF9D100A6D16E /* Project object */;
}
