// !$*UTF8*$!
{
	archiveVersion = 1;
	classes = {
	};
	objectVersion = 56;
	objects = {

/* Begin PBXBuildFile section */
		6A7F734E2B56420600EF3D8B /* RealityKitContent in Frameworks */ = {isa = PBXBuildFile; productRef = 6A7F734D2B56420600EF3D8B /* RealityKitContent */; };
		6A7F73502B56420600EF3D8B /* ToggleApp.swift in Sources */ = {isa = PBXBuildFile; fileRef = 6A7F734F2B56420600EF3D8B /* ToggleApp.swift */; };
		6A7F73522B56420600EF3D8B /* ContentView.swift in Sources */ = {isa = PBXBuildFile; fileRef = 6A7F73512B56420600EF3D8B /* ContentView.swift */; };
		6A7F73542B56420800EF3D8B /* Assets.xcassets in Resources */ = {isa = PBXBuildFile; fileRef = 6A7F73532B56420800EF3D8B /* Assets.xcassets */; };
		6A7F73572B56420800EF3D8B /* Preview Assets.xcassets in Resources */ = {isa = PBXBuildFile; fileRef = 6A7F73562B56420800EF3D8B /* Preview Assets.xcassets */; };
		6A7F73622B56420900EF3D8B /* ToggleTests.swift in Sources */ = {isa = PBXBuildFile; fileRef = 6A7F73612B56420900EF3D8B /* ToggleTests.swift */; };
/* End PBXBuildFile section */

/* Begin PBXContainerItemProxy section */
		6A7F735E2B56420900EF3D8B /* PBXContainerItemProxy */ = {
			isa = PBXContainerItemProxy;
			containerPortal = 6A7F73402B56420600EF3D8B /* Project object */;
			proxyType = 1;
			remoteGlobalIDString = 6A7F73472B56420600EF3D8B;
			remoteInfo = Toggle;
		};
/* End PBXContainerItemProxy section */

/* Begin PBXFileReference section */
		6A7F73482B56420600EF3D8B /* Toggle.app */ = {isa = PBXFileReference; explicitFileType = wrapper.application; includeInIndex = 0; path = Toggle.app; sourceTree = BUILT_PRODUCTS_DIR; };
		6A7F734C2B56420600EF3D8B /* RealityKitContent */ = {isa = PBXFileReference; lastKnownFileType = wrapper; path = RealityKitContent; sourceTree = "<group>"; };
		6A7F734F2B56420600EF3D8B /* ToggleApp.swift */ = {isa = PBXFileReference; lastKnownFileType = sourcecode.swift; path = ToggleApp.swift; sourceTree = "<group>"; };
		6A7F73512B56420600EF3D8B /* ContentView.swift */ = {isa = PBXFileReference; lastKnownFileType = sourcecode.swift; path = ContentView.swift; sourceTree = "<group>"; };
		6A7F73532B56420800EF3D8B /* Assets.xcassets */ = {isa = PBXFileReference; lastKnownFileType = folder.assetcatalog; path = Assets.xcassets; sourceTree = "<group>"; };
		6A7F73562B56420800EF3D8B /* Preview Assets.xcassets */ = {isa = PBXFileReference; lastKnownFileType = folder.assetcatalog; path = "Preview Assets.xcassets"; sourceTree = "<group>"; };
		6A7F73582B56420800EF3D8B /* Info.plist */ = {isa = PBXFileReference; lastKnownFileType = text.plist.xml; path = Info.plist; sourceTree = "<group>"; };
		6A7F735D2B56420900EF3D8B /* ToggleTests.xctest */ = {isa = PBXFileReference; explicitFileType = wrapper.cfbundle; includeInIndex = 0; path = ToggleTests.xctest; sourceTree = BUILT_PRODUCTS_DIR; };
		6A7F73612B56420900EF3D8B /* ToggleTests.swift */ = {isa = PBXFileReference; lastKnownFileType = sourcecode.swift; path = ToggleTests.swift; sourceTree = "<group>"; };
/* End PBXFileReference section */

/* Begin PBXFrameworksBuildPhase section */
		6A7F73452B56420600EF3D8B /* Frameworks */ = {
			isa = PBXFrameworksBuildPhase;
			buildActionMask = 2147483647;
			files = (
				6A7F734E2B56420600EF3D8B /* RealityKitContent in Frameworks */,
			);
			runOnlyForDeploymentPostprocessing = 0;
		};
		6A7F735A2B56420900EF3D8B /* Frameworks */ = {
			isa = PBXFrameworksBuildPhase;
			buildActionMask = 2147483647;
			files = (
			);
			runOnlyForDeploymentPostprocessing = 0;
		};
/* End PBXFrameworksBuildPhase section */

/* Begin PBXGroup section */
		6A7F733F2B56420600EF3D8B = {
			isa = PBXGroup;
			children = (
				6A7F734A2B56420600EF3D8B /* Toggle */,
				6A7F734B2B56420600EF3D8B /* Packages */,
				6A7F73602B56420900EF3D8B /* ToggleTests */,
				6A7F73492B56420600EF3D8B /* Products */,
			);
			sourceTree = "<group>";
		};
		6A7F73492B56420600EF3D8B /* Products */ = {
			isa = PBXGroup;
			children = (
				6A7F73482B56420600EF3D8B /* Toggle.app */,
				6A7F735D2B56420900EF3D8B /* ToggleTests.xctest */,
			);
			name = Products;
			sourceTree = "<group>";
		};
		6A7F734A2B56420600EF3D8B /* Toggle */ = {
			isa = PBXGroup;
			children = (
				6A7F734F2B56420600EF3D8B /* ToggleApp.swift */,
				6A7F73512B56420600EF3D8B /* ContentView.swift */,
				6A7F73532B56420800EF3D8B /* Assets.xcassets */,
				6A7F73582B56420800EF3D8B /* Info.plist */,
				6A7F73552B56420800EF3D8B /* Preview Content */,
			);
			path = Toggle;
			sourceTree = "<group>";
		};
		6A7F734B2B56420600EF3D8B /* Packages */ = {
			isa = PBXGroup;
			children = (
				6A7F734C2B56420600EF3D8B /* RealityKitContent */,
			);
			path = Packages;
			sourceTree = "<group>";
		};
		6A7F73552B56420800EF3D8B /* Preview Content */ = {
			isa = PBXGroup;
			children = (
				6A7F73562B56420800EF3D8B /* Preview Assets.xcassets */,
			);
			path = "Preview Content";
			sourceTree = "<group>";
		};
		6A7F73602B56420900EF3D8B /* ToggleTests */ = {
			isa = PBXGroup;
			children = (
				6A7F73612B56420900EF3D8B /* ToggleTests.swift */,
			);
			path = ToggleTests;
			sourceTree = "<group>";
		};
/* End PBXGroup section */

/* Begin PBXNativeTarget section */
		6A7F73472B56420600EF3D8B /* Toggle */ = {
			isa = PBXNativeTarget;
			buildConfigurationList = 6A7F73652B56420900EF3D8B /* Build configuration list for PBXNativeTarget "Toggle" */;
			buildPhases = (
				6A7F73442B56420600EF3D8B /* Sources */,
				6A7F73452B56420600EF3D8B /* Frameworks */,
				6A7F73462B56420600EF3D8B /* Resources */,
			);
			buildRules = (
			);
			dependencies = (
			);
			name = Toggle;
			packageProductDependencies = (
				6A7F734D2B56420600EF3D8B /* RealityKitContent */,
			);
			productName = Toggle;
			productReference = 6A7F73482B56420600EF3D8B /* Toggle.app */;
			productType = "com.apple.product-type.application";
		};
		6A7F735C2B56420900EF3D8B /* ToggleTests */ = {
			isa = PBXNativeTarget;
			buildConfigurationList = 6A7F73682B56420900EF3D8B /* Build configuration list for PBXNativeTarget "ToggleTests" */;
			buildPhases = (
				6A7F73592B56420900EF3D8B /* Sources */,
				6A7F735A2B56420900EF3D8B /* Frameworks */,
				6A7F735B2B56420900EF3D8B /* Resources */,
			);
			buildRules = (
			);
			dependencies = (
				6A7F735F2B56420900EF3D8B /* PBXTargetDependency */,
			);
			name = ToggleTests;
			productName = ToggleTests;
			productReference = 6A7F735D2B56420900EF3D8B /* ToggleTests.xctest */;
			productType = "com.apple.product-type.bundle.unit-test";
		};
/* End PBXNativeTarget section */

/* Begin PBXProject section */
		6A7F73402B56420600EF3D8B /* Project object */ = {
			isa = PBXProject;
			attributes = {
				BuildIndependentTargetsInParallel = 1;
				LastSwiftUpdateCheck = 1520;
				LastUpgradeCheck = 1520;
				TargetAttributes = {
					6A7F73472B56420600EF3D8B = {
						CreatedOnToolsVersion = 15.2;
					};
					6A7F735C2B56420900EF3D8B = {
						CreatedOnToolsVersion = 15.2;
						TestTargetID = 6A7F73472B56420600EF3D8B;
					};
				};
			};
			buildConfigurationList = 6A7F73432B56420600EF3D8B /* Build configuration list for PBXProject "Toggle" */;
			compatibilityVersion = "Xcode 14.0";
			developmentRegion = en;
			hasScannedForEncodings = 0;
			knownRegions = (
				en,
				Base,
			);
			mainGroup = 6A7F733F2B56420600EF3D8B;
			productRefGroup = 6A7F73492B56420600EF3D8B /* Products */;
			projectDirPath = "";
			projectRoot = "";
			targets = (
				6A7F73472B56420600EF3D8B /* Toggle */,
				6A7F735C2B56420900EF3D8B /* ToggleTests */,
			);
		};
/* End PBXProject section */

/* Begin PBXResourcesBuildPhase section */
		6A7F73462B56420600EF3D8B /* Resources */ = {
			isa = PBXResourcesBuildPhase;
			buildActionMask = 2147483647;
			files = (
				6A7F73572B56420800EF3D8B /* Preview Assets.xcassets in Resources */,
				6A7F73542B56420800EF3D8B /* Assets.xcassets in Resources */,
			);
			runOnlyForDeploymentPostprocessing = 0;
		};
		6A7F735B2B56420900EF3D8B /* Resources */ = {
			isa = PBXResourcesBuildPhase;
			buildActionMask = 2147483647;
			files = (
			);
			runOnlyForDeploymentPostprocessing = 0;
		};
/* End PBXResourcesBuildPhase section */

/* Begin PBXSourcesBuildPhase section */
		6A7F73442B56420600EF3D8B /* Sources */ = {
			isa = PBXSourcesBuildPhase;
			buildActionMask = 2147483647;
			files = (
				6A7F73522B56420600EF3D8B /* ContentView.swift in Sources */,
				6A7F73502B56420600EF3D8B /* ToggleApp.swift in Sources */,
			);
			runOnlyForDeploymentPostprocessing = 0;
		};
		6A7F73592B56420900EF3D8B /* Sources */ = {
			isa = PBXSourcesBuildPhase;
			buildActionMask = 2147483647;
			files = (
				6A7F73622B56420900EF3D8B /* ToggleTests.swift in Sources */,
			);
			runOnlyForDeploymentPostprocessing = 0;
		};
/* End PBXSourcesBuildPhase section */

/* Begin PBXTargetDependency section */
		6A7F735F2B56420900EF3D8B /* PBXTargetDependency */ = {
			isa = PBXTargetDependency;
			target = 6A7F73472B56420600EF3D8B /* Toggle */;
			targetProxy = 6A7F735E2B56420900EF3D8B /* PBXContainerItemProxy */;
		};
/* End PBXTargetDependency section */

/* Begin XCBuildConfiguration section */
		6A7F73632B56420900EF3D8B /* Debug */ = {
			isa = XCBuildConfiguration;
			buildSettings = {
				ALWAYS_SEARCH_USER_PATHS = NO;
				ASSETCATALOG_COMPILER_GENERATE_SWIFT_ASSET_SYMBOL_EXTENSIONS = YES;
				CLANG_ANALYZER_NONNULL = YES;
				CLANG_ANALYZER_NUMBER_OBJECT_CONVERSION = YES_AGGRESSIVE;
				CLANG_CXX_LANGUAGE_STANDARD = "gnu++20";
				CLANG_ENABLE_MODULES = YES;
				CLANG_ENABLE_OBJC_ARC = YES;
				CLANG_ENABLE_OBJC_WEAK = YES;
				CLANG_WARN_BLOCK_CAPTURE_AUTORELEASING = YES;
				CLANG_WARN_BOOL_CONVERSION = YES;
				CLANG_WARN_COMMA = YES;
				CLANG_WARN_CONSTANT_CONVERSION = YES;
				CLANG_WARN_DEPRECATED_OBJC_IMPLEMENTATIONS = YES;
				CLANG_WARN_DIRECT_OBJC_ISA_USAGE = YES_ERROR;
				CLANG_WARN_DOCUMENTATION_COMMENTS = YES;
				CLANG_WARN_EMPTY_BODY = YES;
				CLANG_WARN_ENUM_CONVERSION = YES;
				CLANG_WARN_INFINITE_RECURSION = YES;
				CLANG_WARN_INT_CONVERSION = YES;
				CLANG_WARN_NON_LITERAL_NULL_CONVERSION = YES;
				CLANG_WARN_OBJC_IMPLICIT_RETAIN_SELF = YES;
				CLANG_WARN_OBJC_LITERAL_CONVERSION = YES;
				CLANG_WARN_OBJC_ROOT_CLASS = YES_ERROR;
				CLANG_WARN_QUOTED_INCLUDE_IN_FRAMEWORK_HEADER = YES;
				CLANG_WARN_RANGE_LOOP_ANALYSIS = YES;
				CLANG_WARN_STRICT_PROTOTYPES = YES;
				CLANG_WARN_SUSPICIOUS_MOVE = YES;
				CLANG_WARN_UNGUARDED_AVAILABILITY = YES_AGGRESSIVE;
				CLANG_WARN_UNREACHABLE_CODE = YES;
				CLANG_WARN__DUPLICATE_METHOD_MATCH = YES;
				COPY_PHASE_STRIP = NO;
				DEBUG_INFORMATION_FORMAT = dwarf;
				ENABLE_STRICT_OBJC_MSGSEND = YES;
				ENABLE_TESTABILITY = YES;
				ENABLE_USER_SCRIPT_SANDBOXING = YES;
				GCC_C_LANGUAGE_STANDARD = gnu17;
				GCC_DYNAMIC_NO_PIC = NO;
				GCC_NO_COMMON_BLOCKS = YES;
				GCC_OPTIMIZATION_LEVEL = 0;
				GCC_PREPROCESSOR_DEFINITIONS = (
					"DEBUG=1",
					"$(inherited)",
				);
				GCC_WARN_64_TO_32_BIT_CONVERSION = YES;
				GCC_WARN_ABOUT_RETURN_TYPE = YES_ERROR;
				GCC_WARN_UNDECLARED_SELECTOR = YES;
				GCC_WARN_UNINITIALIZED_AUTOS = YES_AGGRESSIVE;
				GCC_WARN_UNUSED_FUNCTION = YES;
				GCC_WARN_UNUSED_VARIABLE = YES;
				LOCALIZATION_PREFERS_STRING_CATALOGS = YES;
				MTL_ENABLE_DEBUG_INFO = INCLUDE_SOURCE;
				MTL_FAST_MATH = YES;
				ONLY_ACTIVE_ARCH = YES;
				SDKROOT = xros;
				SWIFT_ACTIVE_COMPILATION_CONDITIONS = "DEBUG $(inherited)";
				SWIFT_OPTIMIZATION_LEVEL = "-Onone";
				XROS_DEPLOYMENT_TARGET = 1.0;
			};
			name = Debug;
		};
		6A7F73642B56420900EF3D8B /* Release */ = {
			isa = XCBuildConfiguration;
			buildSettings = {
				ALWAYS_SEARCH_USER_PATHS = NO;
				ASSETCATALOG_COMPILER_GENERATE_SWIFT_ASSET_SYMBOL_EXTENSIONS = YES;
				CLANG_ANALYZER_NONNULL = YES;
				CLANG_ANALYZER_NUMBER_OBJECT_CONVERSION = YES_AGGRESSIVE;
				CLANG_CXX_LANGUAGE_STANDARD = "gnu++20";
				CLANG_ENABLE_MODULES = YES;
				CLANG_ENABLE_OBJC_ARC = YES;
				CLANG_ENABLE_OBJC_WEAK = YES;
				CLANG_WARN_BLOCK_CAPTURE_AUTORELEASING = YES;
				CLANG_WARN_BOOL_CONVERSION = YES;
				CLANG_WARN_COMMA = YES;
				CLANG_WARN_CONSTANT_CONVERSION = YES;
				CLANG_WARN_DEPRECATED_OBJC_IMPLEMENTATIONS = YES;
				CLANG_WARN_DIRECT_OBJC_ISA_USAGE = YES_ERROR;
				CLANG_WARN_DOCUMENTATION_COMMENTS = YES;
				CLANG_WARN_EMPTY_BODY = YES;
				CLANG_WARN_ENUM_CONVERSION = YES;
				CLANG_WARN_INFINITE_RECURSION = YES;
				CLANG_WARN_INT_CONVERSION = YES;
				CLANG_WARN_NON_LITERAL_NULL_CONVERSION = YES;
				CLANG_WARN_OBJC_IMPLICIT_RETAIN_SELF = YES;
				CLANG_WARN_OBJC_LITERAL_CONVERSION = YES;
				CLANG_WARN_OBJC_ROOT_CLASS = YES_ERROR;
				CLANG_WARN_QUOTED_INCLUDE_IN_FRAMEWORK_HEADER = YES;
				CLANG_WARN_RANGE_LOOP_ANALYSIS = YES;
				CLANG_WARN_STRICT_PROTOTYPES = YES;
				CLANG_WARN_SUSPICIOUS_MOVE = YES;
				CLANG_WARN_UNGUARDED_AVAILABILITY = YES_AGGRESSIVE;
				CLANG_WARN_UNREACHABLE_CODE = YES;
				CLANG_WARN__DUPLICATE_METHOD_MATCH = YES;
				COPY_PHASE_STRIP = NO;
				DEBUG_INFORMATION_FORMAT = "dwarf-with-dsym";
				ENABLE_NS_ASSERTIONS = NO;
				ENABLE_STRICT_OBJC_MSGSEND = YES;
				ENABLE_USER_SCRIPT_SANDBOXING = YES;
				GCC_C_LANGUAGE_STANDARD = gnu17;
				GCC_NO_COMMON_BLOCKS = YES;
				GCC_WARN_64_TO_32_BIT_CONVERSION = YES;
				GCC_WARN_ABOUT_RETURN_TYPE = YES_ERROR;
				GCC_WARN_UNDECLARED_SELECTOR = YES;
				GCC_WARN_UNINITIALIZED_AUTOS = YES_AGGRESSIVE;
				GCC_WARN_UNUSED_FUNCTION = YES;
				GCC_WARN_UNUSED_VARIABLE = YES;
				LOCALIZATION_PREFERS_STRING_CATALOGS = YES;
				MTL_ENABLE_DEBUG_INFO = NO;
				MTL_FAST_MATH = YES;
				SDKROOT = xros;
				SWIFT_COMPILATION_MODE = wholemodule;
				VALIDATE_PRODUCT = YES;
				XROS_DEPLOYMENT_TARGET = 1.0;
			};
			name = Release;
		};
		6A7F73662B56420900EF3D8B /* Debug */ = {
			isa = XCBuildConfiguration;
			buildSettings = {
				ASSETCATALOG_COMPILER_APPICON_NAME = AppIcon;
				ASSETCATALOG_COMPILER_GLOBAL_ACCENT_COLOR_NAME = AccentColor;
				CODE_SIGN_STYLE = Automatic;
				CURRENT_PROJECT_VERSION = 1;
				DEVELOPMENT_ASSET_PATHS = "\"Toggle/Preview Content\"";
				ENABLE_PREVIEWS = YES;
				GENERATE_INFOPLIST_FILE = YES;
				INFOPLIST_FILE = "$(TARGET_NAME)/Info.plist";
				LD_RUNPATH_SEARCH_PATHS = (
					"$(inherited)",
					"@executable_path/Frameworks",
				);
				MARKETING_VERSION = 1.0;
				PRODUCT_BUNDLE_IDENTIFIER = "Yoon-Ro.Toggle";
				PRODUCT_NAME = "$(TARGET_NAME)";
				SUPPORTED_PLATFORMS = "xros xrsimulator";
				SWIFT_EMIT_LOC_STRINGS = YES;
				SWIFT_VERSION = 5.0;
				TARGETED_DEVICE_FAMILY = "1,2,7";
			};
			name = Debug;
		};
		6A7F73672B56420900EF3D8B /* Release */ = {
			isa = XCBuildConfiguration;
			buildSettings = {
				ASSETCATALOG_COMPILER_APPICON_NAME = AppIcon;
				ASSETCATALOG_COMPILER_GLOBAL_ACCENT_COLOR_NAME = AccentColor;
				CODE_SIGN_STYLE = Automatic;
				CURRENT_PROJECT_VERSION = 1;
				DEVELOPMENT_ASSET_PATHS = "\"Toggle/Preview Content\"";
				ENABLE_PREVIEWS = YES;
				GENERATE_INFOPLIST_FILE = YES;
				INFOPLIST_FILE = "$(TARGET_NAME)/Info.plist";
				LD_RUNPATH_SEARCH_PATHS = (
					"$(inherited)",
					"@executable_path/Frameworks",
				);
				MARKETING_VERSION = 1.0;
				PRODUCT_BUNDLE_IDENTIFIER = "Yoon-Ro.Toggle";
				PRODUCT_NAME = "$(TARGET_NAME)";
				SUPPORTED_PLATFORMS = "xros xrsimulator";
				SWIFT_EMIT_LOC_STRINGS = YES;
				SWIFT_VERSION = 5.0;
				TARGETED_DEVICE_FAMILY = "1,2,7";
			};
			name = Release;
		};
		6A7F73692B56420900EF3D8B /* Debug */ = {
			isa = XCBuildConfiguration;
			buildSettings = {
				ALWAYS_EMBED_SWIFT_STANDARD_LIBRARIES = YES;
				BUNDLE_LOADER = "$(TEST_HOST)";
				CODE_SIGN_STYLE = Automatic;
				CURRENT_PROJECT_VERSION = 1;
				GENERATE_INFOPLIST_FILE = YES;
				MARKETING_VERSION = 1.0;
				PRODUCT_BUNDLE_IDENTIFIER = "Yoon-Ro.ToggleTests";
				PRODUCT_NAME = "$(TARGET_NAME)";
				SUPPORTED_PLATFORMS = "xros xrsimulator";
				SWIFT_EMIT_LOC_STRINGS = NO;
				SWIFT_VERSION = 5.0;
				TARGETED_DEVICE_FAMILY = "1,2,7";
				TEST_HOST = "$(BUILT_PRODUCTS_DIR)/Toggle.app/$(BUNDLE_EXECUTABLE_FOLDER_PATH)/Toggle";
				XROS_DEPLOYMENT_TARGET = 1.0;
			};
			name = Debug;
		};
		6A7F736A2B56420900EF3D8B /* Release */ = {
			isa = XCBuildConfiguration;
			buildSettings = {
				ALWAYS_EMBED_SWIFT_STANDARD_LIBRARIES = YES;
				BUNDLE_LOADER = "$(TEST_HOST)";
				CODE_SIGN_STYLE = Automatic;
				CURRENT_PROJECT_VERSION = 1;
				GENERATE_INFOPLIST_FILE = YES;
				MARKETING_VERSION = 1.0;
				PRODUCT_BUNDLE_IDENTIFIER = "Yoon-Ro.ToggleTests";
				PRODUCT_NAME = "$(TARGET_NAME)";
				SUPPORTED_PLATFORMS = "xros xrsimulator";
				SWIFT_EMIT_LOC_STRINGS = NO;
				SWIFT_VERSION = 5.0;
				TARGETED_DEVICE_FAMILY = "1,2,7";
				TEST_HOST = "$(BUILT_PRODUCTS_DIR)/Toggle.app/$(BUNDLE_EXECUTABLE_FOLDER_PATH)/Toggle";
				XROS_DEPLOYMENT_TARGET = 1.0;
			};
			name = Release;
		};
/* End XCBuildConfiguration section */

/* Begin XCConfigurationList section */
		6A7F73432B56420600EF3D8B /* Build configuration list for PBXProject "Toggle" */ = {
			isa = XCConfigurationList;
			buildConfigurations = (
				6A7F73632B56420900EF3D8B /* Debug */,
				6A7F73642B56420900EF3D8B /* Release */,
			);
			defaultConfigurationIsVisible = 0;
			defaultConfigurationName = Release;
		};
		6A7F73652B56420900EF3D8B /* Build configuration list for PBXNativeTarget "Toggle" */ = {
			isa = XCConfigurationList;
			buildConfigurations = (
				6A7F73662B56420900EF3D8B /* Debug */,
				6A7F73672B56420900EF3D8B /* Release */,
			);
			defaultConfigurationIsVisible = 0;
			defaultConfigurationName = Release;
		};
		6A7F73682B56420900EF3D8B /* Build configuration list for PBXNativeTarget "ToggleTests" */ = {
			isa = XCConfigurationList;
			buildConfigurations = (
				6A7F73692B56420900EF3D8B /* Debug */,
				6A7F736A2B56420900EF3D8B /* Release */,
			);
			defaultConfigurationIsVisible = 0;
			defaultConfigurationName = Release;
		};
/* End XCConfigurationList section */

/* Begin XCSwiftPackageProductDependency section */
		6A7F734D2B56420600EF3D8B /* RealityKitContent */ = {
			isa = XCSwiftPackageProductDependency;
			productName = RealityKitContent;
		};
/* End XCSwiftPackageProductDependency section */
	};
	rootObject = 6A7F73402B56420600EF3D8B /* Project object */;
}
