// !$*UTF8*$!
{
	archiveVersion = 1;
	classes = {
	};
	objectVersion = 56;
	objects = {

/* Begin PBXBuildFile section */
		6A08450A2AF9DA7D00024D77 /* RealityKitContent in Frameworks */ = {isa = PBXBuildFile; productRef = 6A0845092AF9DA7D00024D77 /* RealityKitContent */; };
		6A08450C2AF9DA7D00024D77 /* TernaryApp.swift in Sources */ = {isa = PBXBuildFile; fileRef = 6A08450B2AF9DA7D00024D77 /* TernaryApp.swift */; };
		6A08450E2AF9DA7D00024D77 /* ContentView.swift in Sources */ = {isa = PBXBuildFile; fileRef = 6A08450D2AF9DA7D00024D77 /* ContentView.swift */; };
		6A0845102AF9DA7D00024D77 /* ImmersiveView.swift in Sources */ = {isa = PBXBuildFile; fileRef = 6A08450F2AF9DA7D00024D77 /* ImmersiveView.swift */; };
		6A0845122AF9DA8000024D77 /* Assets.xcassets in Resources */ = {isa = PBXBuildFile; fileRef = 6A0845112AF9DA8000024D77 /* Assets.xcassets */; };
		6A0845152AF9DA8000024D77 /* Preview Assets.xcassets in Resources */ = {isa = PBXBuildFile; fileRef = 6A0845142AF9DA8000024D77 /* Preview Assets.xcassets */; };
		6A08451F2AF9DA8000024D77 /* TernaryTests.swift in Sources */ = {isa = PBXBuildFile; fileRef = 6A08451E2AF9DA8000024D77 /* TernaryTests.swift */; };
/* End PBXBuildFile section */

/* Begin PBXContainerItemProxy section */
		6A08451B2AF9DA8000024D77 /* PBXContainerItemProxy */ = {
			isa = PBXContainerItemProxy;
			containerPortal = 6A0844FC2AF9DA7C00024D77 /* Project object */;
			proxyType = 1;
			remoteGlobalIDString = 6A0845032AF9DA7D00024D77;
			remoteInfo = Ternary;
		};
/* End PBXContainerItemProxy section */

/* Begin PBXFileReference section */
		6A0845042AF9DA7D00024D77 /* Ternary.app */ = {isa = PBXFileReference; explicitFileType = wrapper.application; includeInIndex = 0; path = Ternary.app; sourceTree = BUILT_PRODUCTS_DIR; };
		6A0845082AF9DA7D00024D77 /* RealityKitContent */ = {isa = PBXFileReference; lastKnownFileType = wrapper; path = RealityKitContent; sourceTree = "<group>"; };
		6A08450B2AF9DA7D00024D77 /* TernaryApp.swift */ = {isa = PBXFileReference; lastKnownFileType = sourcecode.swift; path = TernaryApp.swift; sourceTree = "<group>"; };
		6A08450D2AF9DA7D00024D77 /* ContentView.swift */ = {isa = PBXFileReference; lastKnownFileType = sourcecode.swift; path = ContentView.swift; sourceTree = "<group>"; };
		6A08450F2AF9DA7D00024D77 /* ImmersiveView.swift */ = {isa = PBXFileReference; lastKnownFileType = sourcecode.swift; path = ImmersiveView.swift; sourceTree = "<group>"; };
		6A0845112AF9DA8000024D77 /* Assets.xcassets */ = {isa = PBXFileReference; lastKnownFileType = folder.assetcatalog; path = Assets.xcassets; sourceTree = "<group>"; };
		6A0845142AF9DA8000024D77 /* Preview Assets.xcassets */ = {isa = PBXFileReference; lastKnownFileType = folder.assetcatalog; path = "Preview Assets.xcassets"; sourceTree = "<group>"; };
		6A08451A2AF9DA8000024D77 /* TernaryTests.xctest */ = {isa = PBXFileReference; explicitFileType = wrapper.cfbundle; includeInIndex = 0; path = TernaryTests.xctest; sourceTree = BUILT_PRODUCTS_DIR; };
		6A08451E2AF9DA8000024D77 /* TernaryTests.swift */ = {isa = PBXFileReference; lastKnownFileType = sourcecode.swift; path = TernaryTests.swift; sourceTree = "<group>"; };
/* End PBXFileReference section */

/* Begin PBXFrameworksBuildPhase section */
		6A0845012AF9DA7D00024D77 /* Frameworks */ = {
			isa = PBXFrameworksBuildPhase;
			buildActionMask = 2147483647;
			files = (
				6A08450A2AF9DA7D00024D77 /* RealityKitContent in Frameworks */,
			);
			runOnlyForDeploymentPostprocessing = 0;
		};
		6A0845172AF9DA8000024D77 /* Frameworks */ = {
			isa = PBXFrameworksBuildPhase;
			buildActionMask = 2147483647;
			files = (
			);
			runOnlyForDeploymentPostprocessing = 0;
		};
/* End PBXFrameworksBuildPhase section */

/* Begin PBXGroup section */
		6A0844FB2AF9DA7C00024D77 = {
			isa = PBXGroup;
			children = (
				6A0845062AF9DA7D00024D77 /* Ternary */,
				6A0845072AF9DA7D00024D77 /* Packages */,
				6A08451D2AF9DA8000024D77 /* TernaryTests */,
				6A0845052AF9DA7D00024D77 /* Products */,
			);
			sourceTree = "<group>";
		};
		6A0845052AF9DA7D00024D77 /* Products */ = {
			isa = PBXGroup;
			children = (
				6A0845042AF9DA7D00024D77 /* Ternary.app */,
				6A08451A2AF9DA8000024D77 /* TernaryTests.xctest */,
			);
			name = Products;
			sourceTree = "<group>";
		};
		6A0845062AF9DA7D00024D77 /* Ternary */ = {
			isa = PBXGroup;
			children = (
				6A08450B2AF9DA7D00024D77 /* TernaryApp.swift */,
				6A08450D2AF9DA7D00024D77 /* ContentView.swift */,
				6A08450F2AF9DA7D00024D77 /* ImmersiveView.swift */,
				6A0845112AF9DA8000024D77 /* Assets.xcassets */,
				6A0845132AF9DA8000024D77 /* Preview Content */,
			);
			path = Ternary;
			sourceTree = "<group>";
		};
		6A0845072AF9DA7D00024D77 /* Packages */ = {
			isa = PBXGroup;
			children = (
				6A0845082AF9DA7D00024D77 /* RealityKitContent */,
			);
			path = Packages;
			sourceTree = "<group>";
		};
		6A0845132AF9DA8000024D77 /* Preview Content */ = {
			isa = PBXGroup;
			children = (
				6A0845142AF9DA8000024D77 /* Preview Assets.xcassets */,
			);
			path = "Preview Content";
			sourceTree = "<group>";
		};
		6A08451D2AF9DA8000024D77 /* TernaryTests */ = {
			isa = PBXGroup;
			children = (
				6A08451E2AF9DA8000024D77 /* TernaryTests.swift */,
			);
			path = TernaryTests;
			sourceTree = "<group>";
		};
/* End PBXGroup section */

/* Begin PBXNativeTarget section */
		6A0845032AF9DA7D00024D77 /* Ternary */ = {
			isa = PBXNativeTarget;
			buildConfigurationList = 6A0845222AF9DA8000024D77 /* Build configuration list for PBXNativeTarget "Ternary" */;
			buildPhases = (
				6A0845002AF9DA7D00024D77 /* Sources */,
				6A0845012AF9DA7D00024D77 /* Frameworks */,
				6A0845022AF9DA7D00024D77 /* Resources */,
			);
			buildRules = (
			);
			dependencies = (
			);
			name = Ternary;
			packageProductDependencies = (
				6A0845092AF9DA7D00024D77 /* RealityKitContent */,
			);
			productName = Ternary;
			productReference = 6A0845042AF9DA7D00024D77 /* Ternary.app */;
			productType = "com.apple.product-type.application";
		};
		6A0845192AF9DA8000024D77 /* TernaryTests */ = {
			isa = PBXNativeTarget;
			buildConfigurationList = 6A0845252AF9DA8000024D77 /* Build configuration list for PBXNativeTarget "TernaryTests" */;
			buildPhases = (
				6A0845162AF9DA8000024D77 /* Sources */,
				6A0845172AF9DA8000024D77 /* Frameworks */,
				6A0845182AF9DA8000024D77 /* Resources */,
			);
			buildRules = (
			);
			dependencies = (
				6A08451C2AF9DA8000024D77 /* PBXTargetDependency */,
			);
			name = TernaryTests;
			productName = TernaryTests;
			productReference = 6A08451A2AF9DA8000024D77 /* TernaryTests.xctest */;
			productType = "com.apple.product-type.bundle.unit-test";
		};
/* End PBXNativeTarget section */

/* Begin PBXProject section */
		6A0844FC2AF9DA7C00024D77 /* Project object */ = {
			isa = PBXProject;
			attributes = {
				BuildIndependentTargetsInParallel = 1;
				LastSwiftUpdateCheck = 1500;
				LastUpgradeCheck = 1500;
				TargetAttributes = {
					6A0845032AF9DA7D00024D77 = {
						CreatedOnToolsVersion = 15.0;
					};
					6A0845192AF9DA8000024D77 = {
						CreatedOnToolsVersion = 15.0;
						TestTargetID = 6A0845032AF9DA7D00024D77;
					};
				};
			};
			buildConfigurationList = 6A0844FF2AF9DA7C00024D77 /* Build configuration list for PBXProject "Ternary" */;
			compatibilityVersion = "Xcode 14.0";
			developmentRegion = en;
			hasScannedForEncodings = 0;
			knownRegions = (
				en,
				Base,
			);
			mainGroup = 6A0844FB2AF9DA7C00024D77;
			productRefGroup = 6A0845052AF9DA7D00024D77 /* Products */;
			projectDirPath = "";
			projectRoot = "";
			targets = (
				6A0845032AF9DA7D00024D77 /* Ternary */,
				6A0845192AF9DA8000024D77 /* TernaryTests */,
			);
		};
/* End PBXProject section */

/* Begin PBXResourcesBuildPhase section */
		6A0845022AF9DA7D00024D77 /* Resources */ = {
			isa = PBXResourcesBuildPhase;
			buildActionMask = 2147483647;
			files = (
				6A0845152AF9DA8000024D77 /* Preview Assets.xcassets in Resources */,
				6A0845122AF9DA8000024D77 /* Assets.xcassets in Resources */,
			);
			runOnlyForDeploymentPostprocessing = 0;
		};
		6A0845182AF9DA8000024D77 /* Resources */ = {
			isa = PBXResourcesBuildPhase;
			buildActionMask = 2147483647;
			files = (
			);
			runOnlyForDeploymentPostprocessing = 0;
		};
/* End PBXResourcesBuildPhase section */

/* Begin PBXSourcesBuildPhase section */
		6A0845002AF9DA7D00024D77 /* Sources */ = {
			isa = PBXSourcesBuildPhase;
			buildActionMask = 2147483647;
			files = (
				6A08450E2AF9DA7D00024D77 /* ContentView.swift in Sources */,
				6A08450C2AF9DA7D00024D77 /* TernaryApp.swift in Sources */,
				6A0845102AF9DA7D00024D77 /* ImmersiveView.swift in Sources */,
			);
			runOnlyForDeploymentPostprocessing = 0;
		};
		6A0845162AF9DA8000024D77 /* Sources */ = {
			isa = PBXSourcesBuildPhase;
			buildActionMask = 2147483647;
			files = (
				6A08451F2AF9DA8000024D77 /* TernaryTests.swift in Sources */,
			);
			runOnlyForDeploymentPostprocessing = 0;
		};
/* End PBXSourcesBuildPhase section */

/* Begin PBXTargetDependency section */
		6A08451C2AF9DA8000024D77 /* PBXTargetDependency */ = {
			isa = PBXTargetDependency;
			target = 6A0845032AF9DA7D00024D77 /* Ternary */;
			targetProxy = 6A08451B2AF9DA8000024D77 /* PBXContainerItemProxy */;
		};
/* End PBXTargetDependency section */

/* Begin XCBuildConfiguration section */
		6A0845202AF9DA8000024D77 /* Debug */ = {
			isa = XCBuildConfiguration;
			buildSettings = {
				ALWAYS_SEARCH_USER_PATHS = NO;
				ASSETCATALOG_COMPILER_GENERATE_SWIFT_ASSET_SYMBOL_EXTENSIONS = YES;
				CLANG_ANALYZER_NONNULL = YES;
				CLANG_ANALYZER_NUMBER_OBJECT_CONVERSION = YES_AGGRESSIVE;
				CLANG_CXX_LANGUAGE_STANDARD = "gnu++20";
				CLANG_ENABLE_MODULES = YES;
				CLANG_ENABLE_OBJC_ARC = YES;
				CLANG_ENABLE_OBJC_WEAK = YES;
				CLANG_WARN_BLOCK_CAPTURE_AUTORELEASING = YES;
				CLANG_WARN_BOOL_CONVERSION = YES;
				CLANG_WARN_COMMA = YES;
				CLANG_WARN_CONSTANT_CONVERSION = YES;
				CLANG_WARN_DEPRECATED_OBJC_IMPLEMENTATIONS = YES;
				CLANG_WARN_DIRECT_OBJC_ISA_USAGE = YES_ERROR;
				CLANG_WARN_DOCUMENTATION_COMMENTS = YES;
				CLANG_WARN_EMPTY_BODY = YES;
				CLANG_WARN_ENUM_CONVERSION = YES;
				CLANG_WARN_INFINITE_RECURSION = YES;
				CLANG_WARN_INT_CONVERSION = YES;
				CLANG_WARN_NON_LITERAL_NULL_CONVERSION = YES;
				CLANG_WARN_OBJC_IMPLICIT_RETAIN_SELF = YES;
				CLANG_WARN_OBJC_LITERAL_CONVERSION = YES;
				CLANG_WARN_OBJC_ROOT_CLASS = YES_ERROR;
				CLANG_WARN_QUOTED_INCLUDE_IN_FRAMEWORK_HEADER = YES;
				CLANG_WARN_RANGE_LOOP_ANALYSIS = YES;
				CLANG_WARN_STRICT_PROTOTYPES = YES;
				CLANG_WARN_SUSPICIOUS_MOVE = YES;
				CLANG_WARN_UNGUARDED_AVAILABILITY = YES_AGGRESSIVE;
				CLANG_WARN_UNREACHABLE_CODE = YES;
				CLANG_WARN__DUPLICATE_METHOD_MATCH = YES;
				COPY_PHASE_STRIP = NO;
				DEBUG_INFORMATION_FORMAT = dwarf;
				ENABLE_STRICT_OBJC_MSGSEND = YES;
				ENABLE_TESTABILITY = YES;
				ENABLE_USER_SCRIPT_SANDBOXING = YES;
				GCC_C_LANGUAGE_STANDARD = gnu17;
				GCC_DYNAMIC_NO_PIC = NO;
				GCC_NO_COMMON_BLOCKS = YES;
				GCC_OPTIMIZATION_LEVEL = 0;
				GCC_PREPROCESSOR_DEFINITIONS = (
					"DEBUG=1",
					"$(inherited)",
				);
				GCC_WARN_64_TO_32_BIT_CONVERSION = YES;
				GCC_WARN_ABOUT_RETURN_TYPE = YES_ERROR;
				GCC_WARN_UNDECLARED_SELECTOR = YES;
				GCC_WARN_UNINITIALIZED_AUTOS = YES_AGGRESSIVE;
				GCC_WARN_UNUSED_FUNCTION = YES;
				GCC_WARN_UNUSED_VARIABLE = YES;
				LOCALIZATION_PREFERS_STRING_CATALOGS = YES;
				MTL_ENABLE_DEBUG_INFO = INCLUDE_SOURCE;
				MTL_FAST_MATH = YES;
				ONLY_ACTIVE_ARCH = YES;
				SDKROOT = xros;
				SWIFT_ACTIVE_COMPILATION_CONDITIONS = "DEBUG $(inherited)";
				SWIFT_OPTIMIZATION_LEVEL = "-Onone";
				XROS_DEPLOYMENT_TARGET = 1.0;
			};
			name = Debug;
		};
		6A0845212AF9DA8000024D77 /* Release */ = {
			isa = XCBuildConfiguration;
			buildSettings = {
				ALWAYS_SEARCH_USER_PATHS = NO;
				ASSETCATALOG_COMPILER_GENERATE_SWIFT_ASSET_SYMBOL_EXTENSIONS = YES;
				CLANG_ANALYZER_NONNULL = YES;
				CLANG_ANALYZER_NUMBER_OBJECT_CONVERSION = YES_AGGRESSIVE;
				CLANG_CXX_LANGUAGE_STANDARD = "gnu++20";
				CLANG_ENABLE_MODULES = YES;
				CLANG_ENABLE_OBJC_ARC = YES;
				CLANG_ENABLE_OBJC_WEAK = YES;
				CLANG_WARN_BLOCK_CAPTURE_AUTORELEASING = YES;
				CLANG_WARN_BOOL_CONVERSION = YES;
				CLANG_WARN_COMMA = YES;
				CLANG_WARN_CONSTANT_CONVERSION = YES;
				CLANG_WARN_DEPRECATED_OBJC_IMPLEMENTATIONS = YES;
				CLANG_WARN_DIRECT_OBJC_ISA_USAGE = YES_ERROR;
				CLANG_WARN_DOCUMENTATION_COMMENTS = YES;
				CLANG_WARN_EMPTY_BODY = YES;
				CLANG_WARN_ENUM_CONVERSION = YES;
				CLANG_WARN_INFINITE_RECURSION = YES;
				CLANG_WARN_INT_CONVERSION = YES;
				CLANG_WARN_NON_LITERAL_NULL_CONVERSION = YES;
				CLANG_WARN_OBJC_IMPLICIT_RETAIN_SELF = YES;
				CLANG_WARN_OBJC_LITERAL_CONVERSION = YES;
				CLANG_WARN_OBJC_ROOT_CLASS = YES_ERROR;
				CLANG_WARN_QUOTED_INCLUDE_IN_FRAMEWORK_HEADER = YES;
				CLANG_WARN_RANGE_LOOP_ANALYSIS = YES;
				CLANG_WARN_STRICT_PROTOTYPES = YES;
				CLANG_WARN_SUSPICIOUS_MOVE = YES;
				CLANG_WARN_UNGUARDED_AVAILABILITY = YES_AGGRESSIVE;
				CLANG_WARN_UNREACHABLE_CODE = YES;
				CLANG_WARN__DUPLICATE_METHOD_MATCH = YES;
				COPY_PHASE_STRIP = NO;
				DEBUG_INFORMATION_FORMAT = "dwarf-with-dsym";
				ENABLE_NS_ASSERTIONS = NO;
				ENABLE_STRICT_OBJC_MSGSEND = YES;
				ENABLE_USER_SCRIPT_SANDBOXING = YES;
				GCC_C_LANGUAGE_STANDARD = gnu17;
				GCC_NO_COMMON_BLOCKS = YES;
				GCC_WARN_64_TO_32_BIT_CONVERSION = YES;
				GCC_WARN_ABOUT_RETURN_TYPE = YES_ERROR;
				GCC_WARN_UNDECLARED_SELECTOR = YES;
				GCC_WARN_UNINITIALIZED_AUTOS = YES_AGGRESSIVE;
				GCC_WARN_UNUSED_FUNCTION = YES;
				GCC_WARN_UNUSED_VARIABLE = YES;
				LOCALIZATION_PREFERS_STRING_CATALOGS = YES;
				MTL_ENABLE_DEBUG_INFO = NO;
				MTL_FAST_MATH = YES;
				SDKROOT = xros;
				SWIFT_COMPILATION_MODE = wholemodule;
				VALIDATE_PRODUCT = YES;
				XROS_DEPLOYMENT_TARGET = 1.0;
			};
			name = Release;
		};
		6A0845232AF9DA8000024D77 /* Debug */ = {
			isa = XCBuildConfiguration;
			buildSettings = {
				ASSETCATALOG_COMPILER_APPICON_NAME = AppIcon;
				ASSETCATALOG_COMPILER_GLOBAL_ACCENT_COLOR_NAME = AccentColor;
				CODE_SIGN_STYLE = Automatic;
				CURRENT_PROJECT_VERSION = 1;
				DEVELOPMENT_ASSET_PATHS = "\"Ternary/Preview Content\"";
				ENABLE_PREVIEWS = YES;
				GENERATE_INFOPLIST_FILE = YES;
				INFOPLIST_KEY_UIApplicationSceneManifest_Generation = YES;
				LD_RUNPATH_SEARCH_PATHS = (
					"$(inherited)",
					"@executable_path/Frameworks",
				);
				MARKETING_VERSION = 1.0;
				PRODUCT_BUNDLE_IDENTIFIER = "Yoon-Ro.Ternary";
				PRODUCT_NAME = "$(TARGET_NAME)";
				SUPPORTED_PLATFORMS = "xros xrsimulator";
				SWIFT_EMIT_LOC_STRINGS = YES;
				SWIFT_VERSION = 5.0;
				TARGETED_DEVICE_FAMILY = "1,2,7";
			};
			name = Debug;
		};
		6A0845242AF9DA8000024D77 /* Release */ = {
			isa = XCBuildConfiguration;
			buildSettings = {
				ASSETCATALOG_COMPILER_APPICON_NAME = AppIcon;
				ASSETCATALOG_COMPILER_GLOBAL_ACCENT_COLOR_NAME = AccentColor;
				CODE_SIGN_STYLE = Automatic;
				CURRENT_PROJECT_VERSION = 1;
				DEVELOPMENT_ASSET_PATHS = "\"Ternary/Preview Content\"";
				ENABLE_PREVIEWS = YES;
				GENERATE_INFOPLIST_FILE = YES;
				INFOPLIST_KEY_UIApplicationSceneManifest_Generation = YES;
				LD_RUNPATH_SEARCH_PATHS = (
					"$(inherited)",
					"@executable_path/Frameworks",
				);
				MARKETING_VERSION = 1.0;
				PRODUCT_BUNDLE_IDENTIFIER = "Yoon-Ro.Ternary";
				PRODUCT_NAME = "$(TARGET_NAME)";
				SUPPORTED_PLATFORMS = "xros xrsimulator";
				SWIFT_EMIT_LOC_STRINGS = YES;
				SWIFT_VERSION = 5.0;
				TARGETED_DEVICE_FAMILY = "1,2,7";
			};
			name = Release;
		};
		6A0845262AF9DA8000024D77 /* Debug */ = {
			isa = XCBuildConfiguration;
			buildSettings = {
				ALWAYS_EMBED_SWIFT_STANDARD_LIBRARIES = YES;
				BUNDLE_LOADER = "$(TEST_HOST)";
				CODE_SIGN_STYLE = Automatic;
				CURRENT_PROJECT_VERSION = 1;
				GENERATE_INFOPLIST_FILE = YES;
				MARKETING_VERSION = 1.0;
				PRODUCT_BUNDLE_IDENTIFIER = "Yoon-Ro.TernaryTests";
				PRODUCT_NAME = "$(TARGET_NAME)";
				SUPPORTED_PLATFORMS = "xros xrsimulator";
				SWIFT_EMIT_LOC_STRINGS = NO;
				SWIFT_VERSION = 5.0;
				TARGETED_DEVICE_FAMILY = "1,2,7";
				TEST_HOST = "$(BUILT_PRODUCTS_DIR)/Ternary.app/$(BUNDLE_EXECUTABLE_FOLDER_PATH)/Ternary";
				XROS_DEPLOYMENT_TARGET = 1.0;
			};
			name = Debug;
		};
		6A0845272AF9DA8000024D77 /* Release */ = {
			isa = XCBuildConfiguration;
			buildSettings = {
				ALWAYS_EMBED_SWIFT_STANDARD_LIBRARIES = YES;
				BUNDLE_LOADER = "$(TEST_HOST)";
				CODE_SIGN_STYLE = Automatic;
				CURRENT_PROJECT_VERSION = 1;
				GENERATE_INFOPLIST_FILE = YES;
				MARKETING_VERSION = 1.0;
				PRODUCT_BUNDLE_IDENTIFIER = "Yoon-Ro.TernaryTests";
				PRODUCT_NAME = "$(TARGET_NAME)";
				SUPPORTED_PLATFORMS = "xros xrsimulator";
				SWIFT_EMIT_LOC_STRINGS = NO;
				SWIFT_VERSION = 5.0;
				TARGETED_DEVICE_FAMILY = "1,2,7";
				TEST_HOST = "$(BUILT_PRODUCTS_DIR)/Ternary.app/$(BUNDLE_EXECUTABLE_FOLDER_PATH)/Ternary";
				XROS_DEPLOYMENT_TARGET = 1.0;
			};
			name = Release;
		};
/* End XCBuildConfiguration section */

/* Begin XCConfigurationList section */
		6A0844FF2AF9DA7C00024D77 /* Build configuration list for PBXProject "Ternary" */ = {
			isa = XCConfigurationList;
			buildConfigurations = (
				6A0845202AF9DA8000024D77 /* Debug */,
				6A0845212AF9DA8000024D77 /* Release */,
			);
			defaultConfigurationIsVisible = 0;
			defaultConfigurationName = Release;
		};
		6A0845222AF9DA8000024D77 /* Build configuration list for PBXNativeTarget "Ternary" */ = {
			isa = XCConfigurationList;
			buildConfigurations = (
				6A0845232AF9DA8000024D77 /* Debug */,
				6A0845242AF9DA8000024D77 /* Release */,
			);
			defaultConfigurationIsVisible = 0;
			defaultConfigurationName = Release;
		};
		6A0845252AF9DA8000024D77 /* Build configuration list for PBXNativeTarget "TernaryTests" */ = {
			isa = XCConfigurationList;
			buildConfigurations = (
				6A0845262AF9DA8000024D77 /* Debug */,
				6A0845272AF9DA8000024D77 /* Release */,
			);
			defaultConfigurationIsVisible = 0;
			defaultConfigurationName = Release;
		};
/* End XCConfigurationList section */

/* Begin XCSwiftPackageProductDependency section */
		6A0845092AF9DA7D00024D77 /* RealityKitContent */ = {
			isa = XCSwiftPackageProductDependency;
			productName = RealityKitContent;
		};
/* End XCSwiftPackageProductDependency section */
	};
	rootObject = 6A0844FC2AF9DA7C00024D77 /* Project object */;
}
