// !$*UTF8*$!
{
	archiveVersion = 1;
	classes = {
	};
	objectVersion = 56;
	objects = {

/* Begin PBXBuildFile section */
		6A6D4A1B2B436EA3006F033E /* RealityKitContent in Frameworks */ = {isa = PBXBuildFile; productRef = 6A6D4A1A2B436EA3006F033E /* RealityKitContent */; };
		6A6D4A1D2B436EA3006F033E /* SheetsApp.swift in Sources */ = {isa = PBXBuildFile; fileRef = 6A6D4A1C2B436EA3006F033E /* SheetsApp.swift */; };
		6A6D4A1F2B436EA3006F033E /* ContentView.swift in Sources */ = {isa = PBXBuildFile; fileRef = 6A6D4A1E2B436EA3006F033E /* ContentView.swift */; };
		6A6D4A212B436EA3006F033E /* ImmersiveView.swift in Sources */ = {isa = PBXBuildFile; fileRef = 6A6D4A202B436EA3006F033E /* ImmersiveView.swift */; };
		6A6D4A232B436EA7006F033E /* Assets.xcassets in Resources */ = {isa = PBXBuildFile; fileRef = 6A6D4A222B436EA7006F033E /* Assets.xcassets */; };
		6A6D4A262B436EA7006F033E /* Preview Assets.xcassets in Resources */ = {isa = PBXBuildFile; fileRef = 6A6D4A252B436EA7006F033E /* Preview Assets.xcassets */; };
		6A6D4A302B436EA7006F033E /* SheetsTests.swift in Sources */ = {isa = PBXBuildFile; fileRef = 6A6D4A2F2B436EA7006F033E /* SheetsTests.swift */; };
/* End PBXBuildFile section */

/* Begin PBXContainerItemProxy section */
		6A6D4A2C2B436EA7006F033E /* PBXContainerItemProxy */ = {
			isa = PBXContainerItemProxy;
			containerPortal = 6A6D4A0D2B436EA3006F033E /* Project object */;
			proxyType = 1;
			remoteGlobalIDString = 6A6D4A142B436EA3006F033E;
			remoteInfo = Sheets;
		};
/* End PBXContainerItemProxy section */

/* Begin PBXFileReference section */
		6A6D4A152B436EA3006F033E /* Sheets.app */ = {isa = PBXFileReference; explicitFileType = wrapper.application; includeInIndex = 0; path = Sheets.app; sourceTree = BUILT_PRODUCTS_DIR; };
		6A6D4A192B436EA3006F033E /* RealityKitContent */ = {isa = PBXFileReference; lastKnownFileType = wrapper; path = RealityKitContent; sourceTree = "<group>"; };
		6A6D4A1C2B436EA3006F033E /* SheetsApp.swift */ = {isa = PBXFileReference; lastKnownFileType = sourcecode.swift; path = SheetsApp.swift; sourceTree = "<group>"; };
		6A6D4A1E2B436EA3006F033E /* ContentView.swift */ = {isa = PBXFileReference; lastKnownFileType = sourcecode.swift; path = ContentView.swift; sourceTree = "<group>"; };
		6A6D4A202B436EA3006F033E /* ImmersiveView.swift */ = {isa = PBXFileReference; lastKnownFileType = sourcecode.swift; path = ImmersiveView.swift; sourceTree = "<group>"; };
		6A6D4A222B436EA7006F033E /* Assets.xcassets */ = {isa = PBXFileReference; lastKnownFileType = folder.assetcatalog; path = Assets.xcassets; sourceTree = "<group>"; };
		6A6D4A252B436EA7006F033E /* Preview Assets.xcassets */ = {isa = PBXFileReference; lastKnownFileType = folder.assetcatalog; path = "Preview Assets.xcassets"; sourceTree = "<group>"; };
		6A6D4A2B2B436EA7006F033E /* SheetsTests.xctest */ = {isa = PBXFileReference; explicitFileType = wrapper.cfbundle; includeInIndex = 0; path = SheetsTests.xctest; sourceTree = BUILT_PRODUCTS_DIR; };
		6A6D4A2F2B436EA7006F033E /* SheetsTests.swift */ = {isa = PBXFileReference; lastKnownFileType = sourcecode.swift; path = SheetsTests.swift; sourceTree = "<group>"; };
/* End PBXFileReference section */

/* Begin PBXFrameworksBuildPhase section */
		6A6D4A122B436EA3006F033E /* Frameworks */ = {
			isa = PBXFrameworksBuildPhase;
			buildActionMask = 2147483647;
			files = (
				6A6D4A1B2B436EA3006F033E /* RealityKitContent in Frameworks */,
			);
			runOnlyForDeploymentPostprocessing = 0;
		};
		6A6D4A282B436EA7006F033E /* Frameworks */ = {
			isa = PBXFrameworksBuildPhase;
			buildActionMask = 2147483647;
			files = (
			);
			runOnlyForDeploymentPostprocessing = 0;
		};
/* End PBXFrameworksBuildPhase section */

/* Begin PBXGroup section */
		6A6D4A0C2B436EA3006F033E = {
			isa = PBXGroup;
			children = (
				6A6D4A172B436EA3006F033E /* Sheets */,
				6A6D4A182B436EA3006F033E /* Packages */,
				6A6D4A2E2B436EA7006F033E /* SheetsTests */,
				6A6D4A162B436EA3006F033E /* Products */,
			);
			sourceTree = "<group>";
		};
		6A6D4A162B436EA3006F033E /* Products */ = {
			isa = PBXGroup;
			children = (
				6A6D4A152B436EA3006F033E /* Sheets.app */,
				6A6D4A2B2B436EA7006F033E /* SheetsTests.xctest */,
			);
			name = Products;
			sourceTree = "<group>";
		};
		6A6D4A172B436EA3006F033E /* Sheets */ = {
			isa = PBXGroup;
			children = (
				6A6D4A1C2B436EA3006F033E /* SheetsApp.swift */,
				6A6D4A1E2B436EA3006F033E /* ContentView.swift */,
				6A6D4A202B436EA3006F033E /* ImmersiveView.swift */,
				6A6D4A222B436EA7006F033E /* Assets.xcassets */,
				6A6D4A242B436EA7006F033E /* Preview Content */,
			);
			path = Sheets;
			sourceTree = "<group>";
		};
		6A6D4A182B436EA3006F033E /* Packages */ = {
			isa = PBXGroup;
			children = (
				6A6D4A192B436EA3006F033E /* RealityKitContent */,
			);
			path = Packages;
			sourceTree = "<group>";
		};
		6A6D4A242B436EA7006F033E /* Preview Content */ = {
			isa = PBXGroup;
			children = (
				6A6D4A252B436EA7006F033E /* Preview Assets.xcassets */,
			);
			path = "Preview Content";
			sourceTree = "<group>";
		};
		6A6D4A2E2B436EA7006F033E /* SheetsTests */ = {
			isa = PBXGroup;
			children = (
				6A6D4A2F2B436EA7006F033E /* SheetsTests.swift */,
			);
			path = SheetsTests;
			sourceTree = "<group>";
		};
/* End PBXGroup section */

/* Begin PBXNativeTarget section */
		6A6D4A142B436EA3006F033E /* Sheets */ = {
			isa = PBXNativeTarget;
			buildConfigurationList = 6A6D4A332B436EA7006F033E /* Build configuration list for PBXNativeTarget "Sheets" */;
			buildPhases = (
				6A6D4A112B436EA3006F033E /* Sources */,
				6A6D4A122B436EA3006F033E /* Frameworks */,
				6A6D4A132B436EA3006F033E /* Resources */,
			);
			buildRules = (
			);
			dependencies = (
			);
			name = Sheets;
			packageProductDependencies = (
				6A6D4A1A2B436EA3006F033E /* RealityKitContent */,
			);
			productName = Sheets;
			productReference = 6A6D4A152B436EA3006F033E /* Sheets.app */;
			productType = "com.apple.product-type.application";
		};
		6A6D4A2A2B436EA7006F033E /* SheetsTests */ = {
			isa = PBXNativeTarget;
			buildConfigurationList = 6A6D4A362B436EA7006F033E /* Build configuration list for PBXNativeTarget "SheetsTests" */;
			buildPhases = (
				6A6D4A272B436EA7006F033E /* Sources */,
				6A6D4A282B436EA7006F033E /* Frameworks */,
				6A6D4A292B436EA7006F033E /* Resources */,
			);
			buildRules = (
			);
			dependencies = (
				6A6D4A2D2B436EA7006F033E /* PBXTargetDependency */,
			);
			name = SheetsTests;
			productName = SheetsTests;
			productReference = 6A6D4A2B2B436EA7006F033E /* SheetsTests.xctest */;
			productType = "com.apple.product-type.bundle.unit-test";
		};
/* End PBXNativeTarget section */

/* Begin PBXProject section */
		6A6D4A0D2B436EA3006F033E /* Project object */ = {
			isa = PBXProject;
			attributes = {
				BuildIndependentTargetsInParallel = 1;
				LastSwiftUpdateCheck = 1500;
				LastUpgradeCheck = 1500;
				TargetAttributes = {
					6A6D4A142B436EA3006F033E = {
						CreatedOnToolsVersion = 15.0;
					};
					6A6D4A2A2B436EA7006F033E = {
						CreatedOnToolsVersion = 15.0;
						TestTargetID = 6A6D4A142B436EA3006F033E;
					};
				};
			};
			buildConfigurationList = 6A6D4A102B436EA3006F033E /* Build configuration list for PBXProject "Sheets" */;
			compatibilityVersion = "Xcode 14.0";
			developmentRegion = en;
			hasScannedForEncodings = 0;
			knownRegions = (
				en,
				Base,
			);
			mainGroup = 6A6D4A0C2B436EA3006F033E;
			productRefGroup = 6A6D4A162B436EA3006F033E /* Products */;
			projectDirPath = "";
			projectRoot = "";
			targets = (
				6A6D4A142B436EA3006F033E /* Sheets */,
				6A6D4A2A2B436EA7006F033E /* SheetsTests */,
			);
		};
/* End PBXProject section */

/* Begin PBXResourcesBuildPhase section */
		6A6D4A132B436EA3006F033E /* Resources */ = {
			isa = PBXResourcesBuildPhase;
			buildActionMask = 2147483647;
			files = (
				6A6D4A262B436EA7006F033E /* Preview Assets.xcassets in Resources */,
				6A6D4A232B436EA7006F033E /* Assets.xcassets in Resources */,
			);
			runOnlyForDeploymentPostprocessing = 0;
		};
		6A6D4A292B436EA7006F033E /* Resources */ = {
			isa = PBXResourcesBuildPhase;
			buildActionMask = 2147483647;
			files = (
			);
			runOnlyForDeploymentPostprocessing = 0;
		};
/* End PBXResourcesBuildPhase section */

/* Begin PBXSourcesBuildPhase section */
		6A6D4A112B436EA3006F033E /* Sources */ = {
			isa = PBXSourcesBuildPhase;
			buildActionMask = 2147483647;
			files = (
				6A6D4A1F2B436EA3006F033E /* ContentView.swift in Sources */,
				6A6D4A1D2B436EA3006F033E /* SheetsApp.swift in Sources */,
				6A6D4A212B436EA3006F033E /* ImmersiveView.swift in Sources */,
			);
			runOnlyForDeploymentPostprocessing = 0;
		};
		6A6D4A272B436EA7006F033E /* Sources */ = {
			isa = PBXSourcesBuildPhase;
			buildActionMask = 2147483647;
			files = (
				6A6D4A302B436EA7006F033E /* SheetsTests.swift in Sources */,
			);
			runOnlyForDeploymentPostprocessing = 0;
		};
/* End PBXSourcesBuildPhase section */

/* Begin PBXTargetDependency section */
		6A6D4A2D2B436EA7006F033E /* PBXTargetDependency */ = {
			isa = PBXTargetDependency;
			target = 6A6D4A142B436EA3006F033E /* Sheets */;
			targetProxy = 6A6D4A2C2B436EA7006F033E /* PBXContainerItemProxy */;
		};
/* End PBXTargetDependency section */

/* Begin XCBuildConfiguration section */
		6A6D4A312B436EA7006F033E /* Debug */ = {
			isa = XCBuildConfiguration;
			buildSettings = {
				ALWAYS_SEARCH_USER_PATHS = NO;
				ASSETCATALOG_COMPILER_GENERATE_SWIFT_ASSET_SYMBOL_EXTENSIONS = YES;
				CLANG_ANALYZER_NONNULL = YES;
				CLANG_ANALYZER_NUMBER_OBJECT_CONVERSION = YES_AGGRESSIVE;
				CLANG_CXX_LANGUAGE_STANDARD = "gnu++20";
				CLANG_ENABLE_MODULES = YES;
				CLANG_ENABLE_OBJC_ARC = YES;
				CLANG_ENABLE_OBJC_WEAK = YES;
				CLANG_WARN_BLOCK_CAPTURE_AUTORELEASING = YES;
				CLANG_WARN_BOOL_CONVERSION = YES;
				CLANG_WARN_COMMA = YES;
				CLANG_WARN_CONSTANT_CONVERSION = YES;
				CLANG_WARN_DEPRECATED_OBJC_IMPLEMENTATIONS = YES;
				CLANG_WARN_DIRECT_OBJC_ISA_USAGE = YES_ERROR;
				CLANG_WARN_DOCUMENTATION_COMMENTS = YES;
				CLANG_WARN_EMPTY_BODY = YES;
				CLANG_WARN_ENUM_CONVERSION = YES;
				CLANG_WARN_INFINITE_RECURSION = YES;
				CLANG_WARN_INT_CONVERSION = YES;
				CLANG_WARN_NON_LITERAL_NULL_CONVERSION = YES;
				CLANG_WARN_OBJC_IMPLICIT_RETAIN_SELF = YES;
				CLANG_WARN_OBJC_LITERAL_CONVERSION = YES;
				CLANG_WARN_OBJC_ROOT_CLASS = YES_ERROR;
				CLANG_WARN_QUOTED_INCLUDE_IN_FRAMEWORK_HEADER = YES;
				CLANG_WARN_RANGE_LOOP_ANALYSIS = YES;
				CLANG_WARN_STRICT_PROTOTYPES = YES;
				CLANG_WARN_SUSPICIOUS_MOVE = YES;
				CLANG_WARN_UNGUARDED_AVAILABILITY = YES_AGGRESSIVE;
				CLANG_WARN_UNREACHABLE_CODE = YES;
				CLANG_WARN__DUPLICATE_METHOD_MATCH = YES;
				COPY_PHASE_STRIP = NO;
				DEBUG_INFORMATION_FORMAT = dwarf;
				ENABLE_STRICT_OBJC_MSGSEND = YES;
				ENABLE_TESTABILITY = YES;
				ENABLE_USER_SCRIPT_SANDBOXING = YES;
				GCC_C_LANGUAGE_STANDARD = gnu17;
				GCC_DYNAMIC_NO_PIC = NO;
				GCC_NO_COMMON_BLOCKS = YES;
				GCC_OPTIMIZATION_LEVEL = 0;
				GCC_PREPROCESSOR_DEFINITIONS = (
					"DEBUG=1",
					"$(inherited)",
				);
				GCC_WARN_64_TO_32_BIT_CONVERSION = YES;
				GCC_WARN_ABOUT_RETURN_TYPE = YES_ERROR;
				GCC_WARN_UNDECLARED_SELECTOR = YES;
				GCC_WARN_UNINITIALIZED_AUTOS = YES_AGGRESSIVE;
				GCC_WARN_UNUSED_FUNCTION = YES;
				GCC_WARN_UNUSED_VARIABLE = YES;
				LOCALIZATION_PREFERS_STRING_CATALOGS = YES;
				MTL_ENABLE_DEBUG_INFO = INCLUDE_SOURCE;
				MTL_FAST_MATH = YES;
				ONLY_ACTIVE_ARCH = YES;
				SDKROOT = xros;
				SWIFT_ACTIVE_COMPILATION_CONDITIONS = "DEBUG $(inherited)";
				SWIFT_OPTIMIZATION_LEVEL = "-Onone";
				XROS_DEPLOYMENT_TARGET = 1.0;
			};
			name = Debug;
		};
		6A6D4A322B436EA7006F033E /* Release */ = {
			isa = XCBuildConfiguration;
			buildSettings = {
				ALWAYS_SEARCH_USER_PATHS = NO;
				ASSETCATALOG_COMPILER_GENERATE_SWIFT_ASSET_SYMBOL_EXTENSIONS = YES;
				CLANG_ANALYZER_NONNULL = YES;
				CLANG_ANALYZER_NUMBER_OBJECT_CONVERSION = YES_AGGRESSIVE;
				CLANG_CXX_LANGUAGE_STANDARD = "gnu++20";
				CLANG_ENABLE_MODULES = YES;
				CLANG_ENABLE_OBJC_ARC = YES;
				CLANG_ENABLE_OBJC_WEAK = YES;
				CLANG_WARN_BLOCK_CAPTURE_AUTORELEASING = YES;
				CLANG_WARN_BOOL_CONVERSION = YES;
				CLANG_WARN_COMMA = YES;
				CLANG_WARN_CONSTANT_CONVERSION = YES;
				CLANG_WARN_DEPRECATED_OBJC_IMPLEMENTATIONS = YES;
				CLANG_WARN_DIRECT_OBJC_ISA_USAGE = YES_ERROR;
				CLANG_WARN_DOCUMENTATION_COMMENTS = YES;
				CLANG_WARN_EMPTY_BODY = YES;
				CLANG_WARN_ENUM_CONVERSION = YES;
				CLANG_WARN_INFINITE_RECURSION = YES;
				CLANG_WARN_INT_CONVERSION = YES;
				CLANG_WARN_NON_LITERAL_NULL_CONVERSION = YES;
				CLANG_WARN_OBJC_IMPLICIT_RETAIN_SELF = YES;
				CLANG_WARN_OBJC_LITERAL_CONVERSION = YES;
				CLANG_WARN_OBJC_ROOT_CLASS = YES_ERROR;
				CLANG_WARN_QUOTED_INCLUDE_IN_FRAMEWORK_HEADER = YES;
				CLANG_WARN_RANGE_LOOP_ANALYSIS = YES;
				CLANG_WARN_STRICT_PROTOTYPES = YES;
				CLANG_WARN_SUSPICIOUS_MOVE = YES;
				CLANG_WARN_UNGUARDED_AVAILABILITY = YES_AGGRESSIVE;
				CLANG_WARN_UNREACHABLE_CODE = YES;
				CLANG_WARN__DUPLICATE_METHOD_MATCH = YES;
				COPY_PHASE_STRIP = NO;
				DEBUG_INFORMATION_FORMAT = "dwarf-with-dsym";
				ENABLE_NS_ASSERTIONS = NO;
				ENABLE_STRICT_OBJC_MSGSEND = YES;
				ENABLE_USER_SCRIPT_SANDBOXING = YES;
				GCC_C_LANGUAGE_STANDARD = gnu17;
				GCC_NO_COMMON_BLOCKS = YES;
				GCC_WARN_64_TO_32_BIT_CONVERSION = YES;
				GCC_WARN_ABOUT_RETURN_TYPE = YES_ERROR;
				GCC_WARN_UNDECLARED_SELECTOR = YES;
				GCC_WARN_UNINITIALIZED_AUTOS = YES_AGGRESSIVE;
				GCC_WARN_UNUSED_FUNCTION = YES;
				GCC_WARN_UNUSED_VARIABLE = YES;
				LOCALIZATION_PREFERS_STRING_CATALOGS = YES;
				MTL_ENABLE_DEBUG_INFO = NO;
				MTL_FAST_MATH = YES;
				SDKROOT = xros;
				SWIFT_COMPILATION_MODE = wholemodule;
				VALIDATE_PRODUCT = YES;
				XROS_DEPLOYMENT_TARGET = 1.0;
			};
			name = Release;
		};
		6A6D4A342B436EA7006F033E /* Debug */ = {
			isa = XCBuildConfiguration;
			buildSettings = {
				ASSETCATALOG_COMPILER_APPICON_NAME = AppIcon;
				ASSETCATALOG_COMPILER_GLOBAL_ACCENT_COLOR_NAME = AccentColor;
				CODE_SIGN_STYLE = Automatic;
				CURRENT_PROJECT_VERSION = 1;
				DEVELOPMENT_ASSET_PATHS = "\"Sheets/Preview Content\"";
				ENABLE_PREVIEWS = YES;
				GENERATE_INFOPLIST_FILE = YES;
				INFOPLIST_KEY_UIApplicationSceneManifest_Generation = YES;
				LD_RUNPATH_SEARCH_PATHS = (
					"$(inherited)",
					"@executable_path/Frameworks",
				);
				MARKETING_VERSION = 1.0;
				PRODUCT_BUNDLE_IDENTIFIER = "Yoon-Ro.Sheets";
				PRODUCT_NAME = "$(TARGET_NAME)";
				SUPPORTED_PLATFORMS = "xros xrsimulator";
				SWIFT_EMIT_LOC_STRINGS = YES;
				SWIFT_VERSION = 5.0;
				TARGETED_DEVICE_FAMILY = "1,2,7";
			};
			name = Debug;
		};
		6A6D4A352B436EA7006F033E /* Release */ = {
			isa = XCBuildConfiguration;
			buildSettings = {
				ASSETCATALOG_COMPILER_APPICON_NAME = AppIcon;
				ASSETCATALOG_COMPILER_GLOBAL_ACCENT_COLOR_NAME = AccentColor;
				CODE_SIGN_STYLE = Automatic;
				CURRENT_PROJECT_VERSION = 1;
				DEVELOPMENT_ASSET_PATHS = "\"Sheets/Preview Content\"";
				ENABLE_PREVIEWS = YES;
				GENERATE_INFOPLIST_FILE = YES;
				INFOPLIST_KEY_UIApplicationSceneManifest_Generation = YES;
				LD_RUNPATH_SEARCH_PATHS = (
					"$(inherited)",
					"@executable_path/Frameworks",
				);
				MARKETING_VERSION = 1.0;
				PRODUCT_BUNDLE_IDENTIFIER = "Yoon-Ro.Sheets";
				PRODUCT_NAME = "$(TARGET_NAME)";
				SUPPORTED_PLATFORMS = "xros xrsimulator";
				SWIFT_EMIT_LOC_STRINGS = YES;
				SWIFT_VERSION = 5.0;
				TARGETED_DEVICE_FAMILY = "1,2,7";
			};
			name = Release;
		};
		6A6D4A372B436EA7006F033E /* Debug */ = {
			isa = XCBuildConfiguration;
			buildSettings = {
				ALWAYS_EMBED_SWIFT_STANDARD_LIBRARIES = YES;
				BUNDLE_LOADER = "$(TEST_HOST)";
				CODE_SIGN_STYLE = Automatic;
				CURRENT_PROJECT_VERSION = 1;
				GENERATE_INFOPLIST_FILE = YES;
				MARKETING_VERSION = 1.0;
				PRODUCT_BUNDLE_IDENTIFIER = "Yoon-Ro.SheetsTests";
				PRODUCT_NAME = "$(TARGET_NAME)";
				SUPPORTED_PLATFORMS = "xros xrsimulator";
				SWIFT_EMIT_LOC_STRINGS = NO;
				SWIFT_VERSION = 5.0;
				TARGETED_DEVICE_FAMILY = "1,2,7";
				TEST_HOST = "$(BUILT_PRODUCTS_DIR)/Sheets.app/$(BUNDLE_EXECUTABLE_FOLDER_PATH)/Sheets";
				XROS_DEPLOYMENT_TARGET = 1.0;
			};
			name = Debug;
		};
		6A6D4A382B436EA7006F033E /* Release */ = {
			isa = XCBuildConfiguration;
			buildSettings = {
				ALWAYS_EMBED_SWIFT_STANDARD_LIBRARIES = YES;
				BUNDLE_LOADER = "$(TEST_HOST)";
				CODE_SIGN_STYLE = Automatic;
				CURRENT_PROJECT_VERSION = 1;
				GENERATE_INFOPLIST_FILE = YES;
				MARKETING_VERSION = 1.0;
				PRODUCT_BUNDLE_IDENTIFIER = "Yoon-Ro.SheetsTests";
				PRODUCT_NAME = "$(TARGET_NAME)";
				SUPPORTED_PLATFORMS = "xros xrsimulator";
				SWIFT_EMIT_LOC_STRINGS = NO;
				SWIFT_VERSION = 5.0;
				TARGETED_DEVICE_FAMILY = "1,2,7";
				TEST_HOST = "$(BUILT_PRODUCTS_DIR)/Sheets.app/$(BUNDLE_EXECUTABLE_FOLDER_PATH)/Sheets";
				XROS_DEPLOYMENT_TARGET = 1.0;
			};
			name = Release;
		};
/* End XCBuildConfiguration section */

/* Begin XCConfigurationList section */
		6A6D4A102B436EA3006F033E /* Build configuration list for PBXProject "Sheets" */ = {
			isa = XCConfigurationList;
			buildConfigurations = (
				6A6D4A312B436EA7006F033E /* Debug */,
				6A6D4A322B436EA7006F033E /* Release */,
			);
			defaultConfigurationIsVisible = 0;
			defaultConfigurationName = Release;
		};
		6A6D4A332B436EA7006F033E /* Build configuration list for PBXNativeTarget "Sheets" */ = {
			isa = XCConfigurationList;
			buildConfigurations = (
				6A6D4A342B436EA7006F033E /* Debug */,
				6A6D4A352B436EA7006F033E /* Release */,
			);
			defaultConfigurationIsVisible = 0;
			defaultConfigurationName = Release;
		};
		6A6D4A362B436EA7006F033E /* Build configuration list for PBXNativeTarget "SheetsTests" */ = {
			isa = XCConfigurationList;
			buildConfigurations = (
				6A6D4A372B436EA7006F033E /* Debug */,
				6A6D4A382B436EA7006F033E /* Release */,
			);
			defaultConfigurationIsVisible = 0;
			defaultConfigurationName = Release;
		};
/* End XCConfigurationList section */

/* Begin XCSwiftPackageProductDependency section */
		6A6D4A1A2B436EA3006F033E /* RealityKitContent */ = {
			isa = XCSwiftPackageProductDependency;
			productName = RealityKitContent;
		};
/* End XCSwiftPackageProductDependency section */
	};
	rootObject = 6A6D4A0D2B436EA3006F033E /* Project object */;
}
