// !$*UTF8*$!
{
	archiveVersion = 1;
	classes = {
	};
	objectVersion = 56;
	objects = {

/* Begin PBXBuildFile section */
		6A80CA392BEDAAC0001E0D96 /* RealityKitContent in Frameworks */ = {isa = PBXBuildFile; productRef = 6A80CA382BEDAAC0001E0D96 /* RealityKitContent */; };
		6A80CA3B2BEDAAC0001E0D96 /* NavigationStackApp.swift in Sources */ = {isa = PBXBuildFile; fileRef = 6A80CA3A2BEDAAC0001E0D96 /* NavigationStackApp.swift */; };
		6A80CA3D2BEDAAC0001E0D96 /* ContentView.swift in Sources */ = {isa = PBXBuildFile; fileRef = 6A80CA3C2BEDAAC0001E0D96 /* ContentView.swift */; };
		6A80CA3F2BEDAAC1001E0D96 /* Assets.xcassets in Resources */ = {isa = PBXBuildFile; fileRef = 6A80CA3E2BEDAAC1001E0D96 /* Assets.xcassets */; };
		6A80CA422BEDAAC1001E0D96 /* Preview Assets.xcassets in Resources */ = {isa = PBXBuildFile; fileRef = 6A80CA412BEDAAC1001E0D96 /* Preview Assets.xcassets */; };
		6A80CA4D2BEDAAC2001E0D96 /* NavigationStackTests.swift in Sources */ = {isa = PBXBuildFile; fileRef = 6A80CA4C2BEDAAC2001E0D96 /* NavigationStackTests.swift */; };
/* End PBXBuildFile section */

/* Begin PBXContainerItemProxy section */
		6A80CA492BEDAAC2001E0D96 /* PBXContainerItemProxy */ = {
			isa = PBXContainerItemProxy;
			containerPortal = 6A80CA2B2BEDAAC0001E0D96 /* Project object */;
			proxyType = 1;
			remoteGlobalIDString = 6A80CA322BEDAAC0001E0D96;
			remoteInfo = NavigationStack;
		};
/* End PBXContainerItemProxy section */

/* Begin PBXFileReference section */
		6A80CA332BEDAAC0001E0D96 /* NavigationStack.app */ = {isa = PBXFileReference; explicitFileType = wrapper.application; includeInIndex = 0; path = NavigationStack.app; sourceTree = BUILT_PRODUCTS_DIR; };
		6A80CA372BEDAAC0001E0D96 /* RealityKitContent */ = {isa = PBXFileReference; lastKnownFileType = wrapper; path = RealityKitContent; sourceTree = "<group>"; };
		6A80CA3A2BEDAAC0001E0D96 /* NavigationStackApp.swift */ = {isa = PBXFileReference; lastKnownFileType = sourcecode.swift; path = NavigationStackApp.swift; sourceTree = "<group>"; };
		6A80CA3C2BEDAAC0001E0D96 /* ContentView.swift */ = {isa = PBXFileReference; lastKnownFileType = sourcecode.swift; path = ContentView.swift; sourceTree = "<group>"; };
		6A80CA3E2BEDAAC1001E0D96 /* Assets.xcassets */ = {isa = PBXFileReference; lastKnownFileType = folder.assetcatalog; path = Assets.xcassets; sourceTree = "<group>"; };
		6A80CA412BEDAAC1001E0D96 /* Preview Assets.xcassets */ = {isa = PBXFileReference; lastKnownFileType = folder.assetcatalog; path = "Preview Assets.xcassets"; sourceTree = "<group>"; };
		6A80CA432BEDAAC1001E0D96 /* Info.plist */ = {isa = PBXFileReference; lastKnownFileType = text.plist.xml; path = Info.plist; sourceTree = "<group>"; };
		6A80CA482BEDAAC2001E0D96 /* NavigationStackTests.xctest */ = {isa = PBXFileReference; explicitFileType = wrapper.cfbundle; includeInIndex = 0; path = NavigationStackTests.xctest; sourceTree = BUILT_PRODUCTS_DIR; };
		6A80CA4C2BEDAAC2001E0D96 /* NavigationStackTests.swift */ = {isa = PBXFileReference; lastKnownFileType = sourcecode.swift; path = NavigationStackTests.swift; sourceTree = "<group>"; };
/* End PBXFileReference section */

/* Begin PBXFrameworksBuildPhase section */
		6A80CA302BEDAAC0001E0D96 /* Frameworks */ = {
			isa = PBXFrameworksBuildPhase;
			buildActionMask = 2147483647;
			files = (
				6A80CA392BEDAAC0001E0D96 /* RealityKitContent in Frameworks */,
			);
			runOnlyForDeploymentPostprocessing = 0;
		};
		6A80CA452BEDAAC2001E0D96 /* Frameworks */ = {
			isa = PBXFrameworksBuildPhase;
			buildActionMask = 2147483647;
			files = (
			);
			runOnlyForDeploymentPostprocessing = 0;
		};
/* End PBXFrameworksBuildPhase section */

/* Begin PBXGroup section */
		6A80CA2A2BEDAAC0001E0D96 = {
			isa = PBXGroup;
			children = (
				6A80CA352BEDAAC0001E0D96 /* NavigationStack */,
				6A80CA362BEDAAC0001E0D96 /* Packages */,
				6A80CA4B2BEDAAC2001E0D96 /* NavigationStackTests */,
				6A80CA342BEDAAC0001E0D96 /* Products */,
			);
			sourceTree = "<group>";
		};
		6A80CA342BEDAAC0001E0D96 /* Products */ = {
			isa = PBXGroup;
			children = (
				6A80CA332BEDAAC0001E0D96 /* NavigationStack.app */,
				6A80CA482BEDAAC2001E0D96 /* NavigationStackTests.xctest */,
			);
			name = Products;
			sourceTree = "<group>";
		};
		6A80CA352BEDAAC0001E0D96 /* NavigationStack */ = {
			isa = PBXGroup;
			children = (
				6A80CA3A2BEDAAC0001E0D96 /* NavigationStackApp.swift */,
				6A80CA3C2BEDAAC0001E0D96 /* ContentView.swift */,
				6A80CA3E2BEDAAC1001E0D96 /* Assets.xcassets */,
				6A80CA432BEDAAC1001E0D96 /* Info.plist */,
				6A80CA402BEDAAC1001E0D96 /* Preview Content */,
			);
			path = NavigationStack;
			sourceTree = "<group>";
		};
		6A80CA362BEDAAC0001E0D96 /* Packages */ = {
			isa = PBXGroup;
			children = (
				6A80CA372BEDAAC0001E0D96 /* RealityKitContent */,
			);
			path = Packages;
			sourceTree = "<group>";
		};
		6A80CA402BEDAAC1001E0D96 /* Preview Content */ = {
			isa = PBXGroup;
			children = (
				6A80CA412BEDAAC1001E0D96 /* Preview Assets.xcassets */,
			);
			path = "Preview Content";
			sourceTree = "<group>";
		};
		6A80CA4B2BEDAAC2001E0D96 /* NavigationStackTests */ = {
			isa = PBXGroup;
			children = (
				6A80CA4C2BEDAAC2001E0D96 /* NavigationStackTests.swift */,
			);
			path = NavigationStackTests;
			sourceTree = "<group>";
		};
/* End PBXGroup section */

/* Begin PBXNativeTarget section */
		6A80CA322BEDAAC0001E0D96 /* NavigationStack */ = {
			isa = PBXNativeTarget;
			buildConfigurationList = 6A80CA502BEDAAC2001E0D96 /* Build configuration list for PBXNativeTarget "NavigationStack" */;
			buildPhases = (
				6A80CA2F2BEDAAC0001E0D96 /* Sources */,
				6A80CA302BEDAAC0001E0D96 /* Frameworks */,
				6A80CA312BEDAAC0001E0D96 /* Resources */,
			);
			buildRules = (
			);
			dependencies = (
			);
			name = NavigationStack;
			packageProductDependencies = (
				6A80CA382BEDAAC0001E0D96 /* RealityKitContent */,
			);
			productName = NavigationStack;
			productReference = 6A80CA332BEDAAC0001E0D96 /* NavigationStack.app */;
			productType = "com.apple.product-type.application";
		};
		6A80CA472BEDAAC2001E0D96 /* NavigationStackTests */ = {
			isa = PBXNativeTarget;
			buildConfigurationList = 6A80CA532BEDAAC2001E0D96 /* Build configuration list for PBXNativeTarget "NavigationStackTests" */;
			buildPhases = (
				6A80CA442BEDAAC2001E0D96 /* Sources */,
				6A80CA452BEDAAC2001E0D96 /* Frameworks */,
				6A80CA462BEDAAC2001E0D96 /* Resources */,
			);
			buildRules = (
			);
			dependencies = (
				6A80CA4A2BEDAAC2001E0D96 /* PBXTargetDependency */,
			);
			name = NavigationStackTests;
			productName = NavigationStackTests;
			productReference = 6A80CA482BEDAAC2001E0D96 /* NavigationStackTests.xctest */;
			productType = "com.apple.product-type.bundle.unit-test";
		};
/* End PBXNativeTarget section */

/* Begin PBXProject section */
		6A80CA2B2BEDAAC0001E0D96 /* Project object */ = {
			isa = PBXProject;
			attributes = {
				BuildIndependentTargetsInParallel = 1;
				LastSwiftUpdateCheck = 1530;
				LastUpgradeCheck = 1530;
				TargetAttributes = {
					6A80CA322BEDAAC0001E0D96 = {
						CreatedOnToolsVersion = 15.3;
					};
					6A80CA472BEDAAC2001E0D96 = {
						CreatedOnToolsVersion = 15.3;
						TestTargetID = 6A80CA322BEDAAC0001E0D96;
					};
				};
			};
			buildConfigurationList = 6A80CA2E2BEDAAC0001E0D96 /* Build configuration list for PBXProject "NavigationStack" */;
			compatibilityVersion = "Xcode 14.0";
			developmentRegion = en;
			hasScannedForEncodings = 0;
			knownRegions = (
				en,
				Base,
			);
			mainGroup = 6A80CA2A2BEDAAC0001E0D96;
			productRefGroup = 6A80CA342BEDAAC0001E0D96 /* Products */;
			projectDirPath = "";
			projectRoot = "";
			targets = (
				6A80CA322BEDAAC0001E0D96 /* NavigationStack */,
				6A80CA472BEDAAC2001E0D96 /* NavigationStackTests */,
			);
		};
/* End PBXProject section */

/* Begin PBXResourcesBuildPhase section */
		6A80CA312BEDAAC0001E0D96 /* Resources */ = {
			isa = PBXResourcesBuildPhase;
			buildActionMask = 2147483647;
			files = (
				6A80CA422BEDAAC1001E0D96 /* Preview Assets.xcassets in Resources */,
				6A80CA3F2BEDAAC1001E0D96 /* Assets.xcassets in Resources */,
			);
			runOnlyForDeploymentPostprocessing = 0;
		};
		6A80CA462BEDAAC2001E0D96 /* Resources */ = {
			isa = PBXResourcesBuildPhase;
			buildActionMask = 2147483647;
			files = (
			);
			runOnlyForDeploymentPostprocessing = 0;
		};
/* End PBXResourcesBuildPhase section */

/* Begin PBXSourcesBuildPhase section */
		6A80CA2F2BEDAAC0001E0D96 /* Sources */ = {
			isa = PBXSourcesBuildPhase;
			buildActionMask = 2147483647;
			files = (
				6A80CA3D2BEDAAC0001E0D96 /* ContentView.swift in Sources */,
				6A80CA3B2BEDAAC0001E0D96 /* NavigationStackApp.swift in Sources */,
			);
			runOnlyForDeploymentPostprocessing = 0;
		};
		6A80CA442BEDAAC2001E0D96 /* Sources */ = {
			isa = PBXSourcesBuildPhase;
			buildActionMask = 2147483647;
			files = (
				6A80CA4D2BEDAAC2001E0D96 /* NavigationStackTests.swift in Sources */,
			);
			runOnlyForDeploymentPostprocessing = 0;
		};
/* End PBXSourcesBuildPhase section */

/* Begin PBXTargetDependency section */
		6A80CA4A2BEDAAC2001E0D96 /* PBXTargetDependency */ = {
			isa = PBXTargetDependency;
			target = 6A80CA322BEDAAC0001E0D96 /* NavigationStack */;
			targetProxy = 6A80CA492BEDAAC2001E0D96 /* PBXContainerItemProxy */;
		};
/* End PBXTargetDependency section */

/* Begin XCBuildConfiguration section */
		6A80CA4E2BEDAAC2001E0D96 /* Debug */ = {
			isa = XCBuildConfiguration;
			buildSettings = {
				ALWAYS_SEARCH_USER_PATHS = NO;
				ASSETCATALOG_COMPILER_GENERATE_SWIFT_ASSET_SYMBOL_EXTENSIONS = YES;
				CLANG_ANALYZER_NONNULL = YES;
				CLANG_ANALYZER_NUMBER_OBJECT_CONVERSION = YES_AGGRESSIVE;
				CLANG_CXX_LANGUAGE_STANDARD = "gnu++20";
				CLANG_ENABLE_MODULES = YES;
				CLANG_ENABLE_OBJC_ARC = YES;
				CLANG_ENABLE_OBJC_WEAK = YES;
				CLANG_WARN_BLOCK_CAPTURE_AUTORELEASING = YES;
				CLANG_WARN_BOOL_CONVERSION = YES;
				CLANG_WARN_COMMA = YES;
				CLANG_WARN_CONSTANT_CONVERSION = YES;
				CLANG_WARN_DEPRECATED_OBJC_IMPLEMENTATIONS = YES;
				CLANG_WARN_DIRECT_OBJC_ISA_USAGE = YES_ERROR;
				CLANG_WARN_DOCUMENTATION_COMMENTS = YES;
				CLANG_WARN_EMPTY_BODY = YES;
				CLANG_WARN_ENUM_CONVERSION = YES;
				CLANG_WARN_INFINITE_RECURSION = YES;
				CLANG_WARN_INT_CONVERSION = YES;
				CLANG_WARN_NON_LITERAL_NULL_CONVERSION = YES;
				CLANG_WARN_OBJC_IMPLICIT_RETAIN_SELF = YES;
				CLANG_WARN_OBJC_LITERAL_CONVERSION = YES;
				CLANG_WARN_OBJC_ROOT_CLASS = YES_ERROR;
				CLANG_WARN_QUOTED_INCLUDE_IN_FRAMEWORK_HEADER = YES;
				CLANG_WARN_RANGE_LOOP_ANALYSIS = YES;
				CLANG_WARN_STRICT_PROTOTYPES = YES;
				CLANG_WARN_SUSPICIOUS_MOVE = YES;
				CLANG_WARN_UNGUARDED_AVAILABILITY = YES_AGGRESSIVE;
				CLANG_WARN_UNREACHABLE_CODE = YES;
				CLANG_WARN__DUPLICATE_METHOD_MATCH = YES;
				COPY_PHASE_STRIP = NO;
				DEBUG_INFORMATION_FORMAT = dwarf;
				ENABLE_STRICT_OBJC_MSGSEND = YES;
				ENABLE_TESTABILITY = YES;
				ENABLE_USER_SCRIPT_SANDBOXING = YES;
				GCC_C_LANGUAGE_STANDARD = gnu17;
				GCC_DYNAMIC_NO_PIC = NO;
				GCC_NO_COMMON_BLOCKS = YES;
				GCC_OPTIMIZATION_LEVEL = 0;
				GCC_PREPROCESSOR_DEFINITIONS = (
					"DEBUG=1",
					"$(inherited)",
				);
				GCC_WARN_64_TO_32_BIT_CONVERSION = YES;
				GCC_WARN_ABOUT_RETURN_TYPE = YES_ERROR;
				GCC_WARN_UNDECLARED_SELECTOR = YES;
				GCC_WARN_UNINITIALIZED_AUTOS = YES_AGGRESSIVE;
				GCC_WARN_UNUSED_FUNCTION = YES;
				GCC_WARN_UNUSED_VARIABLE = YES;
				LOCALIZATION_PREFERS_STRING_CATALOGS = YES;
				MTL_ENABLE_DEBUG_INFO = INCLUDE_SOURCE;
				MTL_FAST_MATH = YES;
				ONLY_ACTIVE_ARCH = YES;
				SDKROOT = xros;
				SWIFT_ACTIVE_COMPILATION_CONDITIONS = "DEBUG $(inherited)";
				SWIFT_OPTIMIZATION_LEVEL = "-Onone";
				XROS_DEPLOYMENT_TARGET = 1.1;
			};
			name = Debug;
		};
		6A80CA4F2BEDAAC2001E0D96 /* Release */ = {
			isa = XCBuildConfiguration;
			buildSettings = {
				ALWAYS_SEARCH_USER_PATHS = NO;
				ASSETCATALOG_COMPILER_GENERATE_SWIFT_ASSET_SYMBOL_EXTENSIONS = YES;
				CLANG_ANALYZER_NONNULL = YES;
				CLANG_ANALYZER_NUMBER_OBJECT_CONVERSION = YES_AGGRESSIVE;
				CLANG_CXX_LANGUAGE_STANDARD = "gnu++20";
				CLANG_ENABLE_MODULES = YES;
				CLANG_ENABLE_OBJC_ARC = YES;
				CLANG_ENABLE_OBJC_WEAK = YES;
				CLANG_WARN_BLOCK_CAPTURE_AUTORELEASING = YES;
				CLANG_WARN_BOOL_CONVERSION = YES;
				CLANG_WARN_COMMA = YES;
				CLANG_WARN_CONSTANT_CONVERSION = YES;
				CLANG_WARN_DEPRECATED_OBJC_IMPLEMENTATIONS = YES;
				CLANG_WARN_DIRECT_OBJC_ISA_USAGE = YES_ERROR;
				CLANG_WARN_DOCUMENTATION_COMMENTS = YES;
				CLANG_WARN_EMPTY_BODY = YES;
				CLANG_WARN_ENUM_CONVERSION = YES;
				CLANG_WARN_INFINITE_RECURSION = YES;
				CLANG_WARN_INT_CONVERSION = YES;
				CLANG_WARN_NON_LITERAL_NULL_CONVERSION = YES;
				CLANG_WARN_OBJC_IMPLICIT_RETAIN_SELF = YES;
				CLANG_WARN_OBJC_LITERAL_CONVERSION = YES;
				CLANG_WARN_OBJC_ROOT_CLASS = YES_ERROR;
				CLANG_WARN_QUOTED_INCLUDE_IN_FRAMEWORK_HEADER = YES;
				CLANG_WARN_RANGE_LOOP_ANALYSIS = YES;
				CLANG_WARN_STRICT_PROTOTYPES = YES;
				CLANG_WARN_SUSPICIOUS_MOVE = YES;
				CLANG_WARN_UNGUARDED_AVAILABILITY = YES_AGGRESSIVE;
				CLANG_WARN_UNREACHABLE_CODE = YES;
				CLANG_WARN__DUPLICATE_METHOD_MATCH = YES;
				COPY_PHASE_STRIP = NO;
				DEBUG_INFORMATION_FORMAT = "dwarf-with-dsym";
				ENABLE_NS_ASSERTIONS = NO;
				ENABLE_STRICT_OBJC_MSGSEND = YES;
				ENABLE_USER_SCRIPT_SANDBOXING = YES;
				GCC_C_LANGUAGE_STANDARD = gnu17;
				GCC_NO_COMMON_BLOCKS = YES;
				GCC_WARN_64_TO_32_BIT_CONVERSION = YES;
				GCC_WARN_ABOUT_RETURN_TYPE = YES_ERROR;
				GCC_WARN_UNDECLARED_SELECTOR = YES;
				GCC_WARN_UNINITIALIZED_AUTOS = YES_AGGRESSIVE;
				GCC_WARN_UNUSED_FUNCTION = YES;
				GCC_WARN_UNUSED_VARIABLE = YES;
				LOCALIZATION_PREFERS_STRING_CATALOGS = YES;
				MTL_ENABLE_DEBUG_INFO = NO;
				MTL_FAST_MATH = YES;
				SDKROOT = xros;
				SWIFT_COMPILATION_MODE = wholemodule;
				VALIDATE_PRODUCT = YES;
				XROS_DEPLOYMENT_TARGET = 1.1;
			};
			name = Release;
		};
		6A80CA512BEDAAC2001E0D96 /* Debug */ = {
			isa = XCBuildConfiguration;
			buildSettings = {
				ASSETCATALOG_COMPILER_APPICON_NAME = AppIcon;
				ASSETCATALOG_COMPILER_GLOBAL_ACCENT_COLOR_NAME = AccentColor;
				CODE_SIGN_STYLE = Automatic;
				CURRENT_PROJECT_VERSION = 1;
				DEVELOPMENT_ASSET_PATHS = "\"NavigationStack/Preview Content\"";
				ENABLE_PREVIEWS = YES;
				GENERATE_INFOPLIST_FILE = YES;
				INFOPLIST_FILE = "$(TARGET_NAME)/Info.plist";
				LD_RUNPATH_SEARCH_PATHS = (
					"$(inherited)",
					"@executable_path/Frameworks",
				);
				MARKETING_VERSION = 1.0;
				PRODUCT_BUNDLE_IDENTIFIER = "Yoon-Ro.NavigationStack";
				PRODUCT_NAME = "$(TARGET_NAME)";
				SUPPORTED_PLATFORMS = "xros xrsimulator";
				SWIFT_EMIT_LOC_STRINGS = YES;
				SWIFT_VERSION = 5.0;
				TARGETED_DEVICE_FAMILY = "1,2,7";
			};
			name = Debug;
		};
		6A80CA522BEDAAC2001E0D96 /* Release */ = {
			isa = XCBuildConfiguration;
			buildSettings = {
				ASSETCATALOG_COMPILER_APPICON_NAME = AppIcon;
				ASSETCATALOG_COMPILER_GLOBAL_ACCENT_COLOR_NAME = AccentColor;
				CODE_SIGN_STYLE = Automatic;
				CURRENT_PROJECT_VERSION = 1;
				DEVELOPMENT_ASSET_PATHS = "\"NavigationStack/Preview Content\"";
				ENABLE_PREVIEWS = YES;
				GENERATE_INFOPLIST_FILE = YES;
				INFOPLIST_FILE = "$(TARGET_NAME)/Info.plist";
				LD_RUNPATH_SEARCH_PATHS = (
					"$(inherited)",
					"@executable_path/Frameworks",
				);
				MARKETING_VERSION = 1.0;
				PRODUCT_BUNDLE_IDENTIFIER = "Yoon-Ro.NavigationStack";
				PRODUCT_NAME = "$(TARGET_NAME)";
				SUPPORTED_PLATFORMS = "xros xrsimulator";
				SWIFT_EMIT_LOC_STRINGS = YES;
				SWIFT_VERSION = 5.0;
				TARGETED_DEVICE_FAMILY = "1,2,7";
			};
			name = Release;
		};
		6A80CA542BEDAAC2001E0D96 /* Debug */ = {
			isa = XCBuildConfiguration;
			buildSettings = {
				ALWAYS_EMBED_SWIFT_STANDARD_LIBRARIES = YES;
				BUNDLE_LOADER = "$(TEST_HOST)";
				CODE_SIGN_STYLE = Automatic;
				CURRENT_PROJECT_VERSION = 1;
				GENERATE_INFOPLIST_FILE = YES;
				MARKETING_VERSION = 1.0;
				PRODUCT_BUNDLE_IDENTIFIER = "Yoon-Ro.NavigationStackTests";
				PRODUCT_NAME = "$(TARGET_NAME)";
				SUPPORTED_PLATFORMS = "xros xrsimulator";
				SWIFT_EMIT_LOC_STRINGS = NO;
				SWIFT_VERSION = 5.0;
				TARGETED_DEVICE_FAMILY = "1,2,7";
				TEST_HOST = "$(BUILT_PRODUCTS_DIR)/NavigationStack.app/$(BUNDLE_EXECUTABLE_FOLDER_PATH)/NavigationStack";
				XROS_DEPLOYMENT_TARGET = 1.1;
			};
			name = Debug;
		};
		6A80CA552BEDAAC2001E0D96 /* Release */ = {
			isa = XCBuildConfiguration;
			buildSettings = {
				ALWAYS_EMBED_SWIFT_STANDARD_LIBRARIES = YES;
				BUNDLE_LOADER = "$(TEST_HOST)";
				CODE_SIGN_STYLE = Automatic;
				CURRENT_PROJECT_VERSION = 1;
				GENERATE_INFOPLIST_FILE = YES;
				MARKETING_VERSION = 1.0;
				PRODUCT_BUNDLE_IDENTIFIER = "Yoon-Ro.NavigationStackTests";
				PRODUCT_NAME = "$(TARGET_NAME)";
				SUPPORTED_PLATFORMS = "xros xrsimulator";
				SWIFT_EMIT_LOC_STRINGS = NO;
				SWIFT_VERSION = 5.0;
				TARGETED_DEVICE_FAMILY = "1,2,7";
				TEST_HOST = "$(BUILT_PRODUCTS_DIR)/NavigationStack.app/$(BUNDLE_EXECUTABLE_FOLDER_PATH)/NavigationStack";
				XROS_DEPLOYMENT_TARGET = 1.1;
			};
			name = Release;
		};
/* End XCBuildConfiguration section */

/* Begin XCConfigurationList section */
		6A80CA2E2BEDAAC0001E0D96 /* Build configuration list for PBXProject "NavigationStack" */ = {
			isa = XCConfigurationList;
			buildConfigurations = (
				6A80CA4E2BEDAAC2001E0D96 /* Debug */,
				6A80CA4F2BEDAAC2001E0D96 /* Release */,
			);
			defaultConfigurationIsVisible = 0;
			defaultConfigurationName = Release;
		};
		6A80CA502BEDAAC2001E0D96 /* Build configuration list for PBXNativeTarget "NavigationStack" */ = {
			isa = XCConfigurationList;
			buildConfigurations = (
				6A80CA512BEDAAC2001E0D96 /* Debug */,
				6A80CA522BEDAAC2001E0D96 /* Release */,
			);
			defaultConfigurationIsVisible = 0;
			defaultConfigurationName = Release;
		};
		6A80CA532BEDAAC2001E0D96 /* Build configuration list for PBXNativeTarget "NavigationStackTests" */ = {
			isa = XCConfigurationList;
			buildConfigurations = (
				6A80CA542BEDAAC2001E0D96 /* Debug */,
				6A80CA552BEDAAC2001E0D96 /* Release */,
			);
			defaultConfigurationIsVisible = 0;
			defaultConfigurationName = Release;
		};
/* End XCConfigurationList section */

/* Begin XCSwiftPackageProductDependency section */
		6A80CA382BEDAAC0001E0D96 /* RealityKitContent */ = {
			isa = XCSwiftPackageProductDependency;
			productName = RealityKitContent;
		};
/* End XCSwiftPackageProductDependency section */
	};
	rootObject = 6A80CA2B2BEDAAC0001E0D96 /* Project object */;
}
